// !$*UTF8*$!
{
	archiveVersion = 1;
	classes = {
	};
	objectVersion = 46;
	objects = {

/* Begin PBXBuildFile section */
		0007B17E2051D7A800355DD9 /* PersonalTrendDataCenter.swift in Sources */ = {isa = PBXBuildFile; fileRef = 0007B17D2051D7A800355DD9 /* PersonalTrendDataCenter.swift */; };
		0007C2F5203CDCE8009EA7A8 /* PTrendsView.swift in Sources */ = {isa = PBXBuildFile; fileRef = 0007C2F4203CDCE8009EA7A8 /* PTrendsView.swift */; };
		0008CE361FE6FB09006FD767 /* NotificationCenter.framework in Frameworks */ = {isa = PBXBuildFile; fileRef = 0008CE351FE6FB09006FD767 /* NotificationCenter.framework */; };
		0008CE391FE6FB09006FD767 /* TodayViewController.swift in Sources */ = {isa = PBXBuildFile; fileRef = 0008CE381FE6FB09006FD767 /* TodayViewController.swift */; };
		0008CE3C1FE6FB09006FD767 /* MainInterface.storyboard in Resources */ = {isa = PBXBuildFile; fileRef = 0008CE3A1FE6FB09006FD767 /* MainInterface.storyboard */; };
		0008CE401FE6FB09006FD767 /* EpidemikWidget.appex in Embed App Extensions */ = {isa = PBXBuildFile; fileRef = 0008CE331FE6FB09006FD767 /* EpidemikWidget.appex */; settings = {ATTRIBUTES = (RemoveHeadersOnCopy, ); }; };
		0008CE461FE6FCD6006FD767 /* TrendsWidgetView.swift in Sources */ = {isa = PBXBuildFile; fileRef = 0008CE451FE6FCD6006FD767 /* TrendsWidgetView.swift */; };
		0008CE4D1FE706CC006FD767 /* Assets.xcassets in Sources */ = {isa = PBXBuildFile; fileRef = 0011DBBE1F6C0EBA004212E1 /* Assets.xcassets */; };
		000F3D082066E30C00A191A6 /* CheckBox.swift in Sources */ = {isa = PBXBuildFile; fileRef = 000F3D072066E30C00A191A6 /* CheckBox.swift */; };
		000F3D0A2066ED0300A191A6 /* DiseaseQuestions.swift in Sources */ = {isa = PBXBuildFile; fileRef = 000F3D092066ED0300A191A6 /* DiseaseQuestions.swift */; };
		0010A42F1F800DD000D12495 /* ScrollSelector.swift in Sources */ = {isa = PBXBuildFile; fileRef = 0010A42E1F800DD000D12495 /* ScrollSelector.swift */; };
		00112527203889EF00C3D16A /* DataCenter.swift in Sources */ = {isa = PBXBuildFile; fileRef = 00112526203889EF00C3D16A /* DataCenter.swift */; };
		0011DBB81F6C0EBA004212E1 /* AppDelegate.swift in Sources */ = {isa = PBXBuildFile; fileRef = 0011DBB71F6C0EBA004212E1 /* AppDelegate.swift */; };
		0011DBBA1F6C0EBA004212E1 /* ViewController.swift in Sources */ = {isa = PBXBuildFile; fileRef = 0011DBB91F6C0EBA004212E1 /* ViewController.swift */; };
		0011DBBD1F6C0EBA004212E1 /* Main.storyboard in Resources */ = {isa = PBXBuildFile; fileRef = 0011DBBB1F6C0EBA004212E1 /* Main.storyboard */; };
		0011DBBF1F6C0EBA004212E1 /* Assets.xcassets in Resources */ = {isa = PBXBuildFile; fileRef = 0011DBBE1F6C0EBA004212E1 /* Assets.xcassets */; };
		0011DBC21F6C0EBA004212E1 /* LaunchScreen.storyboard in Resources */ = {isa = PBXBuildFile; fileRef = 0011DBC01F6C0EBA004212E1 /* LaunchScreen.storyboard */; };
		0011DBCD1F6C0EBA004212E1 /* DiseaseManagementTests.swift in Sources */ = {isa = PBXBuildFile; fileRef = 0011DBCC1F6C0EBA004212E1 /* DiseaseManagementTests.swift */; };
		001334D720A0FEE8001DCCDA /* MainAppButtons.swift in Sources */ = {isa = PBXBuildFile; fileRef = 001334D620A0FEE8001DCCDA /* MainAppButtons.swift */; };
		0013D232209D41E300314360 /* CreateAccTests.swift in Sources */ = {isa = PBXBuildFile; fileRef = 0013D231209D41E300314360 /* CreateAccTests.swift */; };
		0014D41B204C4550007D9E31 /* UIViewExtension.swift in Sources */ = {isa = PBXBuildFile; fileRef = 0014D41A204C4550007D9E31 /* UIViewExtension.swift */; };
		0014D41D204C4687007D9E31 /* MapExtension.swift in Sources */ = {isa = PBXBuildFile; fileRef = 0014D41C204C4687007D9E31 /* MapExtension.swift */; };
		0015C7D4209D486A005F8FA4 /* BadVersionTests.swift in Sources */ = {isa = PBXBuildFile; fileRef = 0015C7D3209D486A005F8FA4 /* BadVersionTests.swift */; };
		0015C7DE209E3781005F8FA4 /* LogOutTest.swift in Sources */ = {isa = PBXBuildFile; fileRef = 0015C7DD209E3781005F8FA4 /* LogOutTest.swift */; };
		00173B9C20882F000047916F /* FileRW.swift in Sources */ = {isa = PBXBuildFile; fileRef = 00CD77FC1F7844C1002B5C78 /* FileRW.swift */; };
		00173B9D20882F140047916F /* Presets.swift in Sources */ = {isa = PBXBuildFile; fileRef = 00EBE4B01F9D2EC1005A8E6B /* Presets.swift */; };
		00173B9F2088305E0047916F /* FileRWTests.swift in Sources */ = {isa = PBXBuildFile; fileRef = 00173B9E2088305E0047916F /* FileRWTests.swift */; };
		00173BA0208830820047916F /* FileRW.swift in Sources */ = {isa = PBXBuildFile; fileRef = 00CD77FC1F7844C1002B5C78 /* FileRW.swift */; };
		0018286020FFA28400741514 /* SymptomSelector.swift in Sources */ = {isa = PBXBuildFile; fileRef = 006B47A920FF8EC6004C80C5 /* SymptomSelector.swift */; };
		0018BCD81FE0BDB7008DCDE5 /* SettingsView.swift in Sources */ = {isa = PBXBuildFile; fileRef = 0018BCD71FE0BDB7008DCDE5 /* SettingsView.swift */; };
		002032352061D470005EBC9B /* Trend.swift in Sources */ = {isa = PBXBuildFile; fileRef = 0008CE471FE6FD06006FD767 /* Trend.swift */; };
		00224BE82038C9CF002430D3 /* DiseasePolygon.swift in Sources */ = {isa = PBXBuildFile; fileRef = 00224BE72038C9CF002430D3 /* DiseasePolygon.swift */; };
		00315DE0205846770060D56E /* SicknessGraph.swift in Sources */ = {isa = PBXBuildFile; fileRef = 00315DDF205846770060D56E /* SicknessGraph.swift */; };
		00315DE320584F440060D56E /* StatusDataCenter.swift in Sources */ = {isa = PBXBuildFile; fileRef = 00315DE220584F440060D56E /* StatusDataCenter.swift */; };
		0031F034208936F800B55DD6 /* BadVersionScreen.swift in Sources */ = {isa = PBXBuildFile; fileRef = 0031F033208936F800B55DD6 /* BadVersionScreen.swift */; };
		0031F036208963F500B55DD6 /* GenderSelector.swift in Sources */ = {isa = PBXBuildFile; fileRef = 0031F035208963F500B55DD6 /* GenderSelector.swift */; };
		0032F3421F808295001A9633 /* MapOverlayCreator.swift in Sources */ = {isa = PBXBuildFile; fileRef = 0032F3411F808295001A9633 /* MapOverlayCreator.swift */; };
		0039661120A51191005985FF /* DiseaseManagerMeasurments.swift in Sources */ = {isa = PBXBuildFile; fileRef = 0039661020A51191005985FF /* DiseaseManagerMeasurments.swift */; };
		003ACA2F2108DA41006730FC /* Login.swift in Sources */ = {isa = PBXBuildFile; fileRef = 003ACA2E2108DA41006730FC /* Login.swift */; };
		003ACA312108DE42006730FC /* Create.swift in Sources */ = {isa = PBXBuildFile; fileRef = 003ACA302108DE42006730FC /* Create.swift */; };
		003ACA322108F5A7006730FC /* Login.swift in Sources */ = {isa = PBXBuildFile; fileRef = 003ACA2E2108DA41006730FC /* Login.swift */; };
		003ACA332108F5A7006730FC /* Create.swift in Sources */ = {isa = PBXBuildFile; fileRef = 003ACA302108DE42006730FC /* Create.swift */; };
		003ACA342108F5A7006730FC /* AccountScreen.swift in Sources */ = {isa = PBXBuildFile; fileRef = 00D6750B2108D99B0080071B /* AccountScreen.swift */; };
		003ACA362108F7D6006730FC /* PersonQuestions.swift in Sources */ = {isa = PBXBuildFile; fileRef = 003ACA352108F7D6006730FC /* PersonQuestions.swift */; };
		003ACA372108FAF2006730FC /* PersonQuestions.swift in Sources */ = {isa = PBXBuildFile; fileRef = 003ACA352108F7D6006730FC /* PersonQuestions.swift */; };
		004E1452205C7D490055ADA3 /* DiseaseGraph.swift in Sources */ = {isa = PBXBuildFile; fileRef = 004E1451205C7D490055ADA3 /* DiseaseGraph.swift */; };
		0056504920E133CB003BCB4F /* SicknessSubmission.swift in Sources */ = {isa = PBXBuildFile; fileRef = 0056504820E133CB003BCB4F /* SicknessSubmission.swift */; };
		006B47AA20FF8EC6004C80C5 /* SymptomSelector.swift in Sources */ = {isa = PBXBuildFile; fileRef = 006B47A920FF8EC6004C80C5 /* SymptomSelector.swift */; };
		007011682087A58C008DFF49 /* DiseaseManager.swift in Sources */ = {isa = PBXBuildFile; fileRef = 007011672087A58C008DFF49 /* DiseaseManager.swift */; };
		007011692087AD14008DFF49 /* DiseaseManager.swift in Sources */ = {isa = PBXBuildFile; fileRef = 007011672087A58C008DFF49 /* DiseaseManager.swift */; };
		0070FAAD2107750C0068A7B6 /* DiseaseInfoScreen.swift in Sources */ = {isa = PBXBuildFile; fileRef = 0070FAAC2107750C0068A7B6 /* DiseaseInfoScreen.swift */; };
		0070FAAE210775A90068A7B6 /* DiseaseInfoScreen.swift in Sources */ = {isa = PBXBuildFile; fileRef = 0070FAAC2107750C0068A7B6 /* DiseaseInfoScreen.swift */; };
		0079189B1FF56C4900DB03D3 /* TransitionControls.swift in Sources */ = {isa = PBXBuildFile; fileRef = 0079189A1FF56C4900DB03D3 /* TransitionControls.swift */; };
		007E5391210A1A3A00AA9677 /* AgeSelector.swift in Sources */ = {isa = PBXBuildFile; fileRef = 007E5390210A1A3A00AA9677 /* AgeSelector.swift */; };
		007E5393210A1A4500AA9677 /* WeightHeightSelector.swift in Sources */ = {isa = PBXBuildFile; fileRef = 007E5392210A1A4500AA9677 /* WeightHeightSelector.swift */; };
		007E5395210A1A6600AA9677 /* UsernameSelector.swift in Sources */ = {isa = PBXBuildFile; fileRef = 007E5394210A1A6600AA9677 /* UsernameSelector.swift */; };
		007E5397210A1C0A00AA9677 /* WeightHeightSelector.swift in Sources */ = {isa = PBXBuildFile; fileRef = 007E5392210A1A4500AA9677 /* WeightHeightSelector.swift */; };
		007E5398210A1C0A00AA9677 /* UsernameSelector.swift in Sources */ = {isa = PBXBuildFile; fileRef = 007E5394210A1A6600AA9677 /* UsernameSelector.swift */; };
		007E5399210A1C0A00AA9677 /* AgeSelector.swift in Sources */ = {isa = PBXBuildFile; fileRef = 007E5390210A1A3A00AA9677 /* AgeSelector.swift */; };
		0083AD251F795BD8007AEF87 /* SicknessView.swift in Sources */ = {isa = PBXBuildFile; fileRef = 0083AD241F795BD8007AEF87 /* SicknessView.swift */; };
		0087EADE2041091B00BDEEC8 /* Asker.swift in Sources */ = {isa = PBXBuildFile; fileRef = 0087EADD2041091B00BDEEC8 /* Asker.swift */; };
		008F79782059F9AE00B794A1 /* AccountTextBox.swift in Sources */ = {isa = PBXBuildFile; fileRef = 008F79772059F9AE00B794A1 /* AccountTextBox.swift */; };
		009CE9E21F8FFFFD00D224F0 /* MainHolder.swift in Sources */ = {isa = PBXBuildFile; fileRef = 009CE9E11F8FFFFD00D224F0 /* MainHolder.swift */; };
		009E23EE20A78D21000A144F /* CreateAccExtension.swift in Sources */ = {isa = PBXBuildFile; fileRef = 00AFBE5F209D09660098F95A /* CreateAccExtension.swift */; };
		009E23EF20A78D21000A144F /* LoginExtension.swift in Sources */ = {isa = PBXBuildFile; fileRef = 00AFBE5D209CEFCB0098F95A /* LoginExtension.swift */; };
		009E23F020A78D21000A144F /* MainAppButtons.swift in Sources */ = {isa = PBXBuildFile; fileRef = 001334D620A0FEE8001DCCDA /* MainAppButtons.swift */; };
		009E23F120A7ADC6000A144F /* LoginViewTests.swift in Sources */ = {isa = PBXBuildFile; fileRef = 009E23E620A78BEB000A144F /* LoginViewTests.swift */; };
		009E23F420A7B22A000A144F /* GenderSelectorTests.swift in Sources */ = {isa = PBXBuildFile; fileRef = 009E23F320A7B22A000A144F /* GenderSelectorTests.swift */; };
		009E23F520A7B25B000A144F /* GenderSelector.swift in Sources */ = {isa = PBXBuildFile; fileRef = 0031F035208963F500B55DD6 /* GenderSelector.swift */; };
		009E23F620A7B2A2000A144F /* DataCenter.swift in Sources */ = {isa = PBXBuildFile; fileRef = 00112526203889EF00C3D16A /* DataCenter.swift */; };
		009E23F720A7B2A2000A144F /* Disease.swift in Sources */ = {isa = PBXBuildFile; fileRef = 00E9A4C61F8EFA6C008C95BD /* Disease.swift */; };
		009E23F820A7B2A2000A144F /* Trend.swift in Sources */ = {isa = PBXBuildFile; fileRef = 00D665501FB5348F00C3C680 /* Trend.swift */; };
		009E23F920A7B2A2000A144F /* LoadingGraphic.swift in Sources */ = {isa = PBXBuildFile; fileRef = 00F45FFC205F167100BF880F /* LoadingGraphic.swift */; };
		009E23FA20A7B2A2000A144F /* DiseaseQuestions.swift in Sources */ = {isa = PBXBuildFile; fileRef = 000F3D092066ED0300A191A6 /* DiseaseQuestions.swift */; };
		009E23FB20A7B2A2000A144F /* DiseaseDataCenter.swift in Sources */ = {isa = PBXBuildFile; fileRef = 00E9D5272038A9A900C353AF /* DiseaseDataCenter.swift */; };
		009E23FC20A7B2A2000A144F /* GlobalTrendDataCenter.swift in Sources */ = {isa = PBXBuildFile; fileRef = 00AA1809203BB8440071CA6A /* GlobalTrendDataCenter.swift */; };
		009E23FD20A7B2A2000A144F /* DiseaseGraph.swift in Sources */ = {isa = PBXBuildFile; fileRef = 004E1451205C7D490055ADA3 /* DiseaseGraph.swift */; };
		009E23FE20A7B2A2000A144F /* PersonalTrendDataCenter.swift in Sources */ = {isa = PBXBuildFile; fileRef = 0007B17D2051D7A800355DD9 /* PersonalTrendDataCenter.swift */; };
		009E23FF20A7B2A2000A144F /* StatusDataCenter.swift in Sources */ = {isa = PBXBuildFile; fileRef = 00315DE220584F440060D56E /* StatusDataCenter.swift */; };
		009E240020A7B2A2000A144F /* MapExtension.swift in Sources */ = {isa = PBXBuildFile; fileRef = 0014D41C204C4687007D9E31 /* MapExtension.swift */; };
		009E240120A7B2A2000A144F /* MapOverlayCreator.swift in Sources */ = {isa = PBXBuildFile; fileRef = 0032F3411F808295001A9633 /* MapOverlayCreator.swift */; };
		009E240220A7B2A2000A144F /* Map.swift in Sources */ = {isa = PBXBuildFile; fileRef = 00BC4F6F1F81746C0018D5D8 /* Map.swift */; };
		009E240320A7B2A2000A144F /* DiseasePolygon.swift in Sources */ = {isa = PBXBuildFile; fileRef = 00224BE72038C9CF002430D3 /* DiseasePolygon.swift */; };
		009E240420A7B2A2000A144F /* GTrendsView.swift in Sources */ = {isa = PBXBuildFile; fileRef = 00FC190F1FB3DEB700D8FD97 /* GTrendsView.swift */; };
		009E240520A7B2A2000A144F /* PTrendsView.swift in Sources */ = {isa = PBXBuildFile; fileRef = 0007C2F4203CDCE8009EA7A8 /* PTrendsView.swift */; };
		009E240620A7B2A2000A144F /* SicknessGraph.swift in Sources */ = {isa = PBXBuildFile; fileRef = 00315DDF205846770060D56E /* SicknessGraph.swift */; };
		009E240720A7B2A2000A144F /* SicknessView.swift in Sources */ = {isa = PBXBuildFile; fileRef = 0083AD241F795BD8007AEF87 /* SicknessView.swift */; };
		009E240C20A7B2A2000A144F /* SettingsView.swift in Sources */ = {isa = PBXBuildFile; fileRef = 0018BCD71FE0BDB7008DCDE5 /* SettingsView.swift */; };
		009E240D20A7B2A2000A144F /* DetailSelector.swift in Sources */ = {isa = PBXBuildFile; fileRef = 00BD462E1FE19C620009A4B5 /* DetailSelector.swift */; };
		009E240E20A7B2A2000A144F /* BarSelector.swift in Sources */ = {isa = PBXBuildFile; fileRef = 00BD462C1FE19AF50009A4B5 /* BarSelector.swift */; };
		009E240F20A7B2A2000A144F /* Presets.swift in Sources */ = {isa = PBXBuildFile; fileRef = 00EBE4B01F9D2EC1005A8E6B /* Presets.swift */; };
		009E241020A7B2A2000A144F /* ScrollSelector.swift in Sources */ = {isa = PBXBuildFile; fileRef = 0010A42E1F800DD000D12495 /* ScrollSelector.swift */; };
		009E241120A7B2A2000A144F /* TransitionControls.swift in Sources */ = {isa = PBXBuildFile; fileRef = 0079189A1FF56C4900DB03D3 /* TransitionControls.swift */; };
		009E241220A7B2A2000A144F /* UIViewExtension.swift in Sources */ = {isa = PBXBuildFile; fileRef = 0014D41A204C4550007D9E31 /* UIViewExtension.swift */; };
		009E241320A7B2A2000A144F /* CheckBox.swift in Sources */ = {isa = PBXBuildFile; fileRef = 000F3D072066E30C00A191A6 /* CheckBox.swift */; };
		009E241420A7B2A2000A144F /* Asker.swift in Sources */ = {isa = PBXBuildFile; fileRef = 0087EADD2041091B00BDEEC8 /* Asker.swift */; };
		009E241520A7B2A2000A144F /* AddressChanger.swift in Sources */ = {isa = PBXBuildFile; fileRef = 00BD46301FE1C6F20009A4B5 /* AddressChanger.swift */; };
		009E241720A7B2A2000A144F /* AccountTextBox.swift in Sources */ = {isa = PBXBuildFile; fileRef = 008F79772059F9AE00B794A1 /* AccountTextBox.swift */; };
		009E241820A7B2A2000A144F /* BadVersionScreen.swift in Sources */ = {isa = PBXBuildFile; fileRef = 0031F033208936F800B55DD6 /* BadVersionScreen.swift */; };
		009E241920A7B2A2000A144F /* AddressCreator.swift in Sources */ = {isa = PBXBuildFile; fileRef = 00F28346208A507F00AA34E8 /* AddressCreator.swift */; };
		009E241B20A7B2A2000A144F /* AppDelegate.swift in Sources */ = {isa = PBXBuildFile; fileRef = 0011DBB71F6C0EBA004212E1 /* AppDelegate.swift */; };
		009E241C20A7B2A2000A144F /* MainHolder.swift in Sources */ = {isa = PBXBuildFile; fileRef = 009CE9E11F8FFFFD00D224F0 /* MainHolder.swift */; };
		009E241D20A7B2A2000A144F /* ViewController.swift in Sources */ = {isa = PBXBuildFile; fileRef = 0011DBB91F6C0EBA004212E1 /* ViewController.swift */; };
		009E242220A7B886000A144F /* AddOverlaysTest.swift in Sources */ = {isa = PBXBuildFile; fileRef = 009E242120A7B886000A144F /* AddOverlaysTest.swift */; };
		00AA180A203BB8440071CA6A /* GlobalTrendDataCenter.swift in Sources */ = {isa = PBXBuildFile; fileRef = 00AA1809203BB8440071CA6A /* GlobalTrendDataCenter.swift */; };
		00AFBE5B209CE4B20098F95A /* LogInProcessTests.swift in Sources */ = {isa = PBXBuildFile; fileRef = 00347985209BAA480012B1A5 /* LogInProcessTests.swift */; };
		00AFBE5E209CEFCB0098F95A /* LoginExtension.swift in Sources */ = {isa = PBXBuildFile; fileRef = 00AFBE5D209CEFCB0098F95A /* LoginExtension.swift */; };
		00AFBE60209D09660098F95A /* CreateAccExtension.swift in Sources */ = {isa = PBXBuildFile; fileRef = 00AFBE5F209D09660098F95A /* CreateAccExtension.swift */; };
		00B5D85520FE61B300583214 /* DiagnosisManager.swift in Sources */ = {isa = PBXBuildFile; fileRef = 00B5D85420FE61B300583214 /* DiagnosisManager.swift */; };
		00B5D85C20FE64DD00583214 /* DiseaseQuestionair.swift in Sources */ = {isa = PBXBuildFile; fileRef = 00B5D85920FE64DD00583214 /* DiseaseQuestionair.swift */; };
		00B5D85D20FE64DD00583214 /* DiseaseNameScreen.swift in Sources */ = {isa = PBXBuildFile; fileRef = 00B5D85A20FE64DD00583214 /* DiseaseNameScreen.swift */; };
		00B5D85E20FE686D00583214 /* DiseaseQuestionair.swift in Sources */ = {isa = PBXBuildFile; fileRef = 00B5D85920FE64DD00583214 /* DiseaseQuestionair.swift */; };
		00B5D85F20FE687200583214 /* DiseaseNameScreen.swift in Sources */ = {isa = PBXBuildFile; fileRef = 00B5D85A20FE64DD00583214 /* DiseaseNameScreen.swift */; };
		00B5D86120FE687B00583214 /* DataTermsOfService.swift in Sources */ = {isa = PBXBuildFile; fileRef = 00DC41EA20F8DCA00025BDC2 /* DataTermsOfService.swift */; };
		00B5D86220FE687B00583214 /* PersonSymptomSelector.swift in Sources */ = {isa = PBXBuildFile; fileRef = 00DC41EC20F8DCB90025BDC2 /* PersonSymptomSelector.swift */; };
		00B5D86320FE687B00583214 /* BodyPartSymptomSelector.swift in Sources */ = {isa = PBXBuildFile; fileRef = 00DC41EE20F8DCD20025BDC2 /* BodyPartSymptomSelector.swift */; };
		00B5D86420FE687B00583214 /* ResultReporter.swift in Sources */ = {isa = PBXBuildFile; fileRef = 00DC41F020F8DD090025BDC2 /* ResultReporter.swift */; };
		00B5D86520FE687B00583214 /* DiagnosisManager.swift in Sources */ = {isa = PBXBuildFile; fileRef = 00B5D85420FE61B300583214 /* DiagnosisManager.swift */; };
		00BC4F701F81746C0018D5D8 /* Map.swift in Sources */ = {isa = PBXBuildFile; fileRef = 00BC4F6F1F81746C0018D5D8 /* Map.swift */; };
		00BD462D1FE19AF50009A4B5 /* BarSelector.swift in Sources */ = {isa = PBXBuildFile; fileRef = 00BD462C1FE19AF50009A4B5 /* BarSelector.swift */; };
		00BD462F1FE19C620009A4B5 /* DetailSelector.swift in Sources */ = {isa = PBXBuildFile; fileRef = 00BD462E1FE19C620009A4B5 /* DetailSelector.swift */; };
		00BD46311FE1C6F20009A4B5 /* AddressChanger.swift in Sources */ = {isa = PBXBuildFile; fileRef = 00BD46301FE1C6F20009A4B5 /* AddressChanger.swift */; };
		00C0DB9D20EBF0D6003D452C /* BadVersionScreen.swift in Sources */ = {isa = PBXBuildFile; fileRef = 0031F033208936F800B55DD6 /* BadVersionScreen.swift */; };
		00CD77FD1F7844C1002B5C78 /* FileRW.swift in Sources */ = {isa = PBXBuildFile; fileRef = 00CD77FC1F7844C1002B5C78 /* FileRW.swift */; };
		00D665511FB5348F00C3C680 /* Trend.swift in Sources */ = {isa = PBXBuildFile; fileRef = 00D665501FB5348F00C3C680 /* Trend.swift */; };
		00D6750C2108D99B0080071B /* AccountScreen.swift in Sources */ = {isa = PBXBuildFile; fileRef = 00D6750B2108D99B0080071B /* AccountScreen.swift */; };
		00DC41EB20F8DCA00025BDC2 /* DataTermsOfService.swift in Sources */ = {isa = PBXBuildFile; fileRef = 00DC41EA20F8DCA00025BDC2 /* DataTermsOfService.swift */; };
		00DC41ED20F8DCB90025BDC2 /* PersonSymptomSelector.swift in Sources */ = {isa = PBXBuildFile; fileRef = 00DC41EC20F8DCB90025BDC2 /* PersonSymptomSelector.swift */; };
		00DC41EF20F8DCD20025BDC2 /* BodyPartSymptomSelector.swift in Sources */ = {isa = PBXBuildFile; fileRef = 00DC41EE20F8DCD20025BDC2 /* BodyPartSymptomSelector.swift */; };
		00DC41F120F8DD090025BDC2 /* ResultReporter.swift in Sources */ = {isa = PBXBuildFile; fileRef = 00DC41F020F8DD090025BDC2 /* ResultReporter.swift */; };
		00E9A4C71F8EFA6C008C95BD /* Disease.swift in Sources */ = {isa = PBXBuildFile; fileRef = 00E9A4C61F8EFA6C008C95BD /* Disease.swift */; };
		00E9D5282038A9A900C353AF /* DiseaseDataCenter.swift in Sources */ = {isa = PBXBuildFile; fileRef = 00E9D5272038A9A900C353AF /* DiseaseDataCenter.swift */; };
		00EBE4B11F9D2EC1005A8E6B /* Presets.swift in Sources */ = {isa = PBXBuildFile; fileRef = 00EBE4B01F9D2EC1005A8E6B /* Presets.swift */; };
		00EE56CF20A0C1210073C191 /* ChangeAddressTest.swift in Sources */ = {isa = PBXBuildFile; fileRef = 00EE56CE20A0C1210073C191 /* ChangeAddressTest.swift */; };
		00F28347208A507F00AA34E8 /* AddressCreator.swift in Sources */ = {isa = PBXBuildFile; fileRef = 00F28346208A507F00AA34E8 /* AddressCreator.swift */; };
		00F2834A208A58B800AA34E8 /* NetworkAPI.swift in Sources */ = {isa = PBXBuildFile; fileRef = 00F28349208A58B800AA34E8 /* NetworkAPI.swift */; };
		00F2834B208A64A000AA34E8 /* NetworkAPI.swift in Sources */ = {isa = PBXBuildFile; fileRef = 00F28349208A58B800AA34E8 /* NetworkAPI.swift */; };
		00F2834C208A6FC300AA34E8 /* NetworkAPI.swift in Sources */ = {isa = PBXBuildFile; fileRef = 00F28349208A58B800AA34E8 /* NetworkAPI.swift */; };
		00F28350208A6FE200AA34E8 /* NetworkTests.swift in Sources */ = {isa = PBXBuildFile; fileRef = 00F2834F208A6FE200AA34E8 /* NetworkTests.swift */; };
		00F45FFD205F167100BF880F /* LoadingGraphic.swift in Sources */ = {isa = PBXBuildFile; fileRef = 00F45FFC205F167100BF880F /* LoadingGraphic.swift */; };
		00FC19101FB3DEB700D8FD97 /* GTrendsView.swift in Sources */ = {isa = PBXBuildFile; fileRef = 00FC190F1FB3DEB700D8FD97 /* GTrendsView.swift */; };
		04579216BDE980709A5FD9C4 /* Pods_EpidemikUITests.framework in Frameworks */ = {isa = PBXBuildFile; fileRef = 3193204358620B2BC39C6014 /* Pods_EpidemikUITests.framework */; };
		74ECA7F608C82E52B11B5F74 /* Pods_Epidemik.framework in Frameworks */ = {isa = PBXBuildFile; fileRef = 77437F779B8C2836E7736D14 /* Pods_Epidemik.framework */; };
		7668A2EF1401CBFCB0D13AEC /* Pods_EpidemikWidget.framework in Frameworks */ = {isa = PBXBuildFile; fileRef = 740A2D698AF749C34CC1E33E /* Pods_EpidemikWidget.framework */; };
		76EB240D5DC1A054BDF66006 /* Pods_EpidemikTests.framework in Frameworks */ = {isa = PBXBuildFile; fileRef = 285E714D61897020035FAAFE /* Pods_EpidemikTests.framework */; };
/* End PBXBuildFile section */

/* Begin PBXContainerItemProxy section */
		0008CE3E1FE6FB09006FD767 /* PBXContainerItemProxy */ = {
			isa = PBXContainerItemProxy;
			containerPortal = 0011DBAC1F6C0EBA004212E1 /* Project object */;
			proxyType = 1;
			remoteGlobalIDString = 0008CE321FE6FB09006FD767;
			remoteInfo = EpidemikWidget;
		};
		0011DBC91F6C0EBA004212E1 /* PBXContainerItemProxy */ = {
			isa = PBXContainerItemProxy;
			containerPortal = 0011DBAC1F6C0EBA004212E1 /* Project object */;
			proxyType = 1;
			remoteGlobalIDString = 0011DBB31F6C0EBA004212E1;
			remoteInfo = Epidemik;
		};
		0011DBD41F6C0EBA004212E1 /* PBXContainerItemProxy */ = {
			isa = PBXContainerItemProxy;
			containerPortal = 0011DBAC1F6C0EBA004212E1 /* Project object */;
			proxyType = 1;
			remoteGlobalIDString = 0011DBB31F6C0EBA004212E1;
			remoteInfo = Epidemik;
		};
/* End PBXContainerItemProxy section */

/* Begin PBXCopyFilesBuildPhase section */
		0008CE441FE6FB09006FD767 /* Embed App Extensions */ = {
			isa = PBXCopyFilesBuildPhase;
			buildActionMask = 2147483647;
			dstPath = "";
			dstSubfolderSpec = 13;
			files = (
				0008CE401FE6FB09006FD767 /* EpidemikWidget.appex in Embed App Extensions */,
			);
			name = "Embed App Extensions";
			runOnlyForDeploymentPostprocessing = 0;
		};
/* End PBXCopyFilesBuildPhase section */

/* Begin PBXFileReference section */
		0007B17D2051D7A800355DD9 /* PersonalTrendDataCenter.swift */ = {isa = PBXFileReference; lastKnownFileType = sourcecode.swift; path = PersonalTrendDataCenter.swift; sourceTree = "<group>"; };
		0007C2F4203CDCE8009EA7A8 /* PTrendsView.swift */ = {isa = PBXFileReference; lastKnownFileType = sourcecode.swift; path = PTrendsView.swift; sourceTree = "<group>"; };
		0008CE331FE6FB09006FD767 /* EpidemikWidget.appex */ = {isa = PBXFileReference; explicitFileType = "wrapper.app-extension"; includeInIndex = 0; path = EpidemikWidget.appex; sourceTree = BUILT_PRODUCTS_DIR; };
		0008CE351FE6FB09006FD767 /* NotificationCenter.framework */ = {isa = PBXFileReference; lastKnownFileType = wrapper.framework; name = NotificationCenter.framework; path = System/Library/Frameworks/NotificationCenter.framework; sourceTree = SDKROOT; };
		0008CE381FE6FB09006FD767 /* TodayViewController.swift */ = {isa = PBXFileReference; lastKnownFileType = sourcecode.swift; path = TodayViewController.swift; sourceTree = "<group>"; };
		0008CE3B1FE6FB09006FD767 /* Base */ = {isa = PBXFileReference; lastKnownFileType = file.storyboard; name = Base; path = Base.lproj/MainInterface.storyboard; sourceTree = "<group>"; };
		0008CE3D1FE6FB09006FD767 /* Info.plist */ = {isa = PBXFileReference; lastKnownFileType = text.plist.xml; path = Info.plist; sourceTree = "<group>"; };
		0008CE451FE6FCD6006FD767 /* TrendsWidgetView.swift */ = {isa = PBXFileReference; lastKnownFileType = sourcecode.swift; path = TrendsWidgetView.swift; sourceTree = "<group>"; };
		0008CE471FE6FD06006FD767 /* Trend.swift */ = {isa = PBXFileReference; lastKnownFileType = sourcecode.swift; path = Trend.swift; sourceTree = "<group>"; };
		0008CE4B1FE702A7006FD767 /* EpidemikWidget.entitlements */ = {isa = PBXFileReference; lastKnownFileType = text.plist.entitlements; path = EpidemikWidget.entitlements; sourceTree = "<group>"; };
		000F3D072066E30C00A191A6 /* CheckBox.swift */ = {isa = PBXFileReference; lastKnownFileType = sourcecode.swift; path = CheckBox.swift; sourceTree = "<group>"; };
		000F3D092066ED0300A191A6 /* DiseaseQuestions.swift */ = {isa = PBXFileReference; lastKnownFileType = sourcecode.swift; path = DiseaseQuestions.swift; sourceTree = "<group>"; };
		0010A42E1F800DD000D12495 /* ScrollSelector.swift */ = {isa = PBXFileReference; lastKnownFileType = sourcecode.swift; path = ScrollSelector.swift; sourceTree = "<group>"; };
		00112526203889EF00C3D16A /* DataCenter.swift */ = {isa = PBXFileReference; lastKnownFileType = sourcecode.swift; path = DataCenter.swift; sourceTree = "<group>"; };
		0011DBB41F6C0EBA004212E1 /* Epidemik.app */ = {isa = PBXFileReference; explicitFileType = wrapper.application; includeInIndex = 0; path = Epidemik.app; sourceTree = BUILT_PRODUCTS_DIR; };
		0011DBB71F6C0EBA004212E1 /* AppDelegate.swift */ = {isa = PBXFileReference; lastKnownFileType = sourcecode.swift; path = AppDelegate.swift; sourceTree = "<group>"; };
		0011DBB91F6C0EBA004212E1 /* ViewController.swift */ = {isa = PBXFileReference; lastKnownFileType = sourcecode.swift; path = ViewController.swift; sourceTree = "<group>"; };
		0011DBBC1F6C0EBA004212E1 /* Base */ = {isa = PBXFileReference; lastKnownFileType = file.storyboard; name = Base; path = Base.lproj/Main.storyboard; sourceTree = "<group>"; };
		0011DBBE1F6C0EBA004212E1 /* Assets.xcassets */ = {isa = PBXFileReference; lastKnownFileType = folder.assetcatalog; path = Assets.xcassets; sourceTree = "<group>"; };
		0011DBC11F6C0EBA004212E1 /* Base */ = {isa = PBXFileReference; lastKnownFileType = file.storyboard; name = Base; path = Base.lproj/LaunchScreen.storyboard; sourceTree = "<group>"; };
		0011DBC31F6C0EBA004212E1 /* Info.plist */ = {isa = PBXFileReference; lastKnownFileType = text.plist.xml; path = Info.plist; sourceTree = "<group>"; };
		0011DBC81F6C0EBA004212E1 /* EpidemikTests.xctest */ = {isa = PBXFileReference; explicitFileType = wrapper.cfbundle; includeInIndex = 0; path = EpidemikTests.xctest; sourceTree = BUILT_PRODUCTS_DIR; };
		0011DBCC1F6C0EBA004212E1 /* DiseaseManagementTests.swift */ = {isa = PBXFileReference; lastKnownFileType = sourcecode.swift; path = DiseaseManagementTests.swift; sourceTree = "<group>"; };
		0011DBCE1F6C0EBA004212E1 /* Info.plist */ = {isa = PBXFileReference; lastKnownFileType = text.plist.xml; path = Info.plist; sourceTree = "<group>"; };
		0011DBD31F6C0EBA004212E1 /* EpidemikUITests.xctest */ = {isa = PBXFileReference; explicitFileType = wrapper.cfbundle; includeInIndex = 0; path = EpidemikUITests.xctest; sourceTree = BUILT_PRODUCTS_DIR; };
		001334D620A0FEE8001DCCDA /* MainAppButtons.swift */ = {isa = PBXFileReference; lastKnownFileType = sourcecode.swift; path = MainAppButtons.swift; sourceTree = "<group>"; };
		0013D231209D41E300314360 /* CreateAccTests.swift */ = {isa = PBXFileReference; lastKnownFileType = sourcecode.swift; path = CreateAccTests.swift; sourceTree = "<group>"; };
		0014D41A204C4550007D9E31 /* UIViewExtension.swift */ = {isa = PBXFileReference; lastKnownFileType = sourcecode.swift; path = UIViewExtension.swift; sourceTree = "<group>"; };
		0014D41C204C4687007D9E31 /* MapExtension.swift */ = {isa = PBXFileReference; lastKnownFileType = sourcecode.swift; path = MapExtension.swift; sourceTree = "<group>"; };
		0015C7D3209D486A005F8FA4 /* BadVersionTests.swift */ = {isa = PBXFileReference; lastKnownFileType = sourcecode.swift; path = BadVersionTests.swift; sourceTree = "<group>"; };
		0015C7DD209E3781005F8FA4 /* LogOutTest.swift */ = {isa = PBXFileReference; lastKnownFileType = sourcecode.swift; path = LogOutTest.swift; sourceTree = "<group>"; };
		00173B9E2088305E0047916F /* FileRWTests.swift */ = {isa = PBXFileReference; lastKnownFileType = sourcecode.swift; path = FileRWTests.swift; sourceTree = "<group>"; };
		0018BCD71FE0BDB7008DCDE5 /* SettingsView.swift */ = {isa = PBXFileReference; lastKnownFileType = sourcecode.swift; path = SettingsView.swift; sourceTree = "<group>"; };
		00224BE72038C9CF002430D3 /* DiseasePolygon.swift */ = {isa = PBXFileReference; lastKnownFileType = sourcecode.swift; path = DiseasePolygon.swift; sourceTree = "<group>"; };
		002F6B7C209B885000053D9C /* Info.plist */ = {isa = PBXFileReference; fileEncoding = 4; lastKnownFileType = text.plist.xml; path = Info.plist; sourceTree = "<group>"; };
		00315DDF205846770060D56E /* SicknessGraph.swift */ = {isa = PBXFileReference; lastKnownFileType = sourcecode.swift; path = SicknessGraph.swift; sourceTree = "<group>"; };
		00315DE220584F440060D56E /* StatusDataCenter.swift */ = {isa = PBXFileReference; lastKnownFileType = sourcecode.swift; path = StatusDataCenter.swift; sourceTree = "<group>"; };
		0031F033208936F800B55DD6 /* BadVersionScreen.swift */ = {isa = PBXFileReference; lastKnownFileType = sourcecode.swift; path = BadVersionScreen.swift; sourceTree = "<group>"; };
		0031F035208963F500B55DD6 /* GenderSelector.swift */ = {isa = PBXFileReference; lastKnownFileType = sourcecode.swift; path = GenderSelector.swift; sourceTree = "<group>"; };
		0032F3411F808295001A9633 /* MapOverlayCreator.swift */ = {isa = PBXFileReference; lastKnownFileType = sourcecode.swift; path = MapOverlayCreator.swift; sourceTree = "<group>"; };
		00347985209BAA480012B1A5 /* LogInProcessTests.swift */ = {isa = PBXFileReference; lastKnownFileType = sourcecode.swift; path = LogInProcessTests.swift; sourceTree = "<group>"; };
		0039661020A51191005985FF /* DiseaseManagerMeasurments.swift */ = {isa = PBXFileReference; lastKnownFileType = sourcecode.swift; path = DiseaseManagerMeasurments.swift; sourceTree = "<group>"; };
		003ACA2E2108DA41006730FC /* Login.swift */ = {isa = PBXFileReference; lastKnownFileType = sourcecode.swift; path = Login.swift; sourceTree = "<group>"; };
		003ACA302108DE42006730FC /* Create.swift */ = {isa = PBXFileReference; lastKnownFileType = sourcecode.swift; path = Create.swift; sourceTree = "<group>"; };
		003ACA352108F7D6006730FC /* PersonQuestions.swift */ = {isa = PBXFileReference; lastKnownFileType = sourcecode.swift; path = PersonQuestions.swift; sourceTree = "<group>"; };
		004E1451205C7D490055ADA3 /* DiseaseGraph.swift */ = {isa = PBXFileReference; lastKnownFileType = sourcecode.swift; path = DiseaseGraph.swift; sourceTree = "<group>"; };
		005459151F749FCF00F73872 /* Epidemik.entitlements */ = {isa = PBXFileReference; lastKnownFileType = text.plist.entitlements; path = Epidemik.entitlements; sourceTree = "<group>"; };
		0056504820E133CB003BCB4F /* SicknessSubmission.swift */ = {isa = PBXFileReference; lastKnownFileType = sourcecode.swift; path = SicknessSubmission.swift; sourceTree = "<group>"; };
		006B47A920FF8EC6004C80C5 /* SymptomSelector.swift */ = {isa = PBXFileReference; lastKnownFileType = sourcecode.swift; path = SymptomSelector.swift; sourceTree = "<group>"; };
		007011672087A58C008DFF49 /* DiseaseManager.swift */ = {isa = PBXFileReference; lastKnownFileType = sourcecode.swift; path = DiseaseManager.swift; sourceTree = "<group>"; };
		0070FAAC2107750C0068A7B6 /* DiseaseInfoScreen.swift */ = {isa = PBXFileReference; lastKnownFileType = sourcecode.swift; path = DiseaseInfoScreen.swift; sourceTree = "<group>"; };
		0079189A1FF56C4900DB03D3 /* TransitionControls.swift */ = {isa = PBXFileReference; lastKnownFileType = sourcecode.swift; path = TransitionControls.swift; sourceTree = "<group>"; };
		007E5390210A1A3A00AA9677 /* AgeSelector.swift */ = {isa = PBXFileReference; lastKnownFileType = sourcecode.swift; path = AgeSelector.swift; sourceTree = "<group>"; };
		007E5392210A1A4500AA9677 /* WeightHeightSelector.swift */ = {isa = PBXFileReference; lastKnownFileType = sourcecode.swift; path = WeightHeightSelector.swift; sourceTree = "<group>"; };
		007E5394210A1A6600AA9677 /* UsernameSelector.swift */ = {isa = PBXFileReference; lastKnownFileType = sourcecode.swift; path = UsernameSelector.swift; sourceTree = "<group>"; };
		0083AD241F795BD8007AEF87 /* SicknessView.swift */ = {isa = PBXFileReference; lastKnownFileType = sourcecode.swift; path = SicknessView.swift; sourceTree = "<group>"; };
		0087EADD2041091B00BDEEC8 /* Asker.swift */ = {isa = PBXFileReference; lastKnownFileType = sourcecode.swift; path = Asker.swift; sourceTree = "<group>"; };
		008F79772059F9AE00B794A1 /* AccountTextBox.swift */ = {isa = PBXFileReference; lastKnownFileType = sourcecode.swift; path = AccountTextBox.swift; sourceTree = "<group>"; };
		009CE9E11F8FFFFD00D224F0 /* MainHolder.swift */ = {isa = PBXFileReference; lastKnownFileType = sourcecode.swift; path = MainHolder.swift; sourceTree = "<group>"; };
		009E23E620A78BEB000A144F /* LoginViewTests.swift */ = {isa = PBXFileReference; lastKnownFileType = sourcecode.swift; path = LoginViewTests.swift; sourceTree = "<group>"; };
		009E23F320A7B22A000A144F /* GenderSelectorTests.swift */ = {isa = PBXFileReference; lastKnownFileType = sourcecode.swift; path = GenderSelectorTests.swift; sourceTree = "<group>"; };
		009E242120A7B886000A144F /* AddOverlaysTest.swift */ = {isa = PBXFileReference; lastKnownFileType = sourcecode.swift; path = AddOverlaysTest.swift; sourceTree = "<group>"; };
		00AA1809203BB8440071CA6A /* GlobalTrendDataCenter.swift */ = {isa = PBXFileReference; lastKnownFileType = sourcecode.swift; path = GlobalTrendDataCenter.swift; sourceTree = "<group>"; };
		00AFBE5D209CEFCB0098F95A /* LoginExtension.swift */ = {isa = PBXFileReference; lastKnownFileType = sourcecode.swift; path = LoginExtension.swift; sourceTree = "<group>"; };
		00AFBE5F209D09660098F95A /* CreateAccExtension.swift */ = {isa = PBXFileReference; lastKnownFileType = sourcecode.swift; path = CreateAccExtension.swift; sourceTree = "<group>"; };
		00B5D85420FE61B300583214 /* DiagnosisManager.swift */ = {isa = PBXFileReference; lastKnownFileType = sourcecode.swift; path = DiagnosisManager.swift; sourceTree = "<group>"; };
		00B5D85920FE64DD00583214 /* DiseaseQuestionair.swift */ = {isa = PBXFileReference; fileEncoding = 4; lastKnownFileType = sourcecode.swift; path = DiseaseQuestionair.swift; sourceTree = "<group>"; };
		00B5D85A20FE64DD00583214 /* DiseaseNameScreen.swift */ = {isa = PBXFileReference; fileEncoding = 4; lastKnownFileType = sourcecode.swift; path = DiseaseNameScreen.swift; sourceTree = "<group>"; };
		00BC4F6F1F81746C0018D5D8 /* Map.swift */ = {isa = PBXFileReference; lastKnownFileType = sourcecode.swift; path = Map.swift; sourceTree = "<group>"; };
		00BD462C1FE19AF50009A4B5 /* BarSelector.swift */ = {isa = PBXFileReference; lastKnownFileType = sourcecode.swift; path = BarSelector.swift; sourceTree = "<group>"; };
		00BD462E1FE19C620009A4B5 /* DetailSelector.swift */ = {isa = PBXFileReference; lastKnownFileType = sourcecode.swift; path = DetailSelector.swift; sourceTree = "<group>"; };
		00BD46301FE1C6F20009A4B5 /* AddressChanger.swift */ = {isa = PBXFileReference; lastKnownFileType = sourcecode.swift; path = AddressChanger.swift; sourceTree = "<group>"; };
		00CD77FC1F7844C1002B5C78 /* FileRW.swift */ = {isa = PBXFileReference; lastKnownFileType = sourcecode.swift; path = FileRW.swift; sourceTree = "<group>"; };
		00D665501FB5348F00C3C680 /* Trend.swift */ = {isa = PBXFileReference; lastKnownFileType = sourcecode.swift; path = Trend.swift; sourceTree = "<group>"; };
		00D6750B2108D99B0080071B /* AccountScreen.swift */ = {isa = PBXFileReference; lastKnownFileType = sourcecode.swift; path = AccountScreen.swift; sourceTree = "<group>"; };
		00DC41EA20F8DCA00025BDC2 /* DataTermsOfService.swift */ = {isa = PBXFileReference; lastKnownFileType = sourcecode.swift; path = DataTermsOfService.swift; sourceTree = "<group>"; };
		00DC41EC20F8DCB90025BDC2 /* PersonSymptomSelector.swift */ = {isa = PBXFileReference; lastKnownFileType = sourcecode.swift; path = PersonSymptomSelector.swift; sourceTree = "<group>"; };
		00DC41EE20F8DCD20025BDC2 /* BodyPartSymptomSelector.swift */ = {isa = PBXFileReference; lastKnownFileType = sourcecode.swift; path = BodyPartSymptomSelector.swift; sourceTree = "<group>"; };
		00DC41F020F8DD090025BDC2 /* ResultReporter.swift */ = {isa = PBXFileReference; lastKnownFileType = sourcecode.swift; path = ResultReporter.swift; sourceTree = "<group>"; };
		00E9A4C61F8EFA6C008C95BD /* Disease.swift */ = {isa = PBXFileReference; lastKnownFileType = sourcecode.swift; path = Disease.swift; sourceTree = "<group>"; };
		00E9D5272038A9A900C353AF /* DiseaseDataCenter.swift */ = {isa = PBXFileReference; lastKnownFileType = sourcecode.swift; path = DiseaseDataCenter.swift; sourceTree = "<group>"; };
		00EBE4B01F9D2EC1005A8E6B /* Presets.swift */ = {isa = PBXFileReference; lastKnownFileType = sourcecode.swift; path = Presets.swift; sourceTree = "<group>"; };
		00EE56CE20A0C1210073C191 /* ChangeAddressTest.swift */ = {isa = PBXFileReference; lastKnownFileType = sourcecode.swift; path = ChangeAddressTest.swift; sourceTree = "<group>"; };
		00F28346208A507F00AA34E8 /* AddressCreator.swift */ = {isa = PBXFileReference; lastKnownFileType = sourcecode.swift; path = AddressCreator.swift; sourceTree = "<group>"; };
		00F28349208A58B800AA34E8 /* NetworkAPI.swift */ = {isa = PBXFileReference; lastKnownFileType = sourcecode.swift; path = NetworkAPI.swift; sourceTree = "<group>"; };
		00F2834F208A6FE200AA34E8 /* NetworkTests.swift */ = {isa = PBXFileReference; lastKnownFileType = sourcecode.swift; path = NetworkTests.swift; sourceTree = "<group>"; };
		00F45FFC205F167100BF880F /* LoadingGraphic.swift */ = {isa = PBXFileReference; lastKnownFileType = sourcecode.swift; path = LoadingGraphic.swift; sourceTree = "<group>"; };
		00FC190F1FB3DEB700D8FD97 /* GTrendsView.swift */ = {isa = PBXFileReference; lastKnownFileType = sourcecode.swift; path = GTrendsView.swift; sourceTree = "<group>"; };
		1BBC144B3873C7A729C661FA /* Pods-EpidemikTests.release.xcconfig */ = {isa = PBXFileReference; includeInIndex = 1; lastKnownFileType = text.xcconfig; name = "Pods-EpidemikTests.release.xcconfig"; path = "Pods/Target Support Files/Pods-EpidemikTests/Pods-EpidemikTests.release.xcconfig"; sourceTree = "<group>"; };
		285E714D61897020035FAAFE /* Pods_EpidemikTests.framework */ = {isa = PBXFileReference; explicitFileType = wrapper.framework; includeInIndex = 0; path = Pods_EpidemikTests.framework; sourceTree = BUILT_PRODUCTS_DIR; };
		2CF12140DB60CEE237E4C74C /* Pods-EpidemikWidget.debug.xcconfig */ = {isa = PBXFileReference; includeInIndex = 1; lastKnownFileType = text.xcconfig; name = "Pods-EpidemikWidget.debug.xcconfig"; path = "Pods/Target Support Files/Pods-EpidemikWidget/Pods-EpidemikWidget.debug.xcconfig"; sourceTree = "<group>"; };
		2D429704388D424BF4A2EC54 /* Pods-EpidemikUITests.debug.xcconfig */ = {isa = PBXFileReference; includeInIndex = 1; lastKnownFileType = text.xcconfig; name = "Pods-EpidemikUITests.debug.xcconfig"; path = "Pods/Target Support Files/Pods-EpidemikUITests/Pods-EpidemikUITests.debug.xcconfig"; sourceTree = "<group>"; };
		3193204358620B2BC39C6014 /* Pods_EpidemikUITests.framework */ = {isa = PBXFileReference; explicitFileType = wrapper.framework; includeInIndex = 0; path = Pods_EpidemikUITests.framework; sourceTree = BUILT_PRODUCTS_DIR; };
		466CFD39A3361DF27B3FFC50 /* Pods-EpidemikUITests.release.xcconfig */ = {isa = PBXFileReference; includeInIndex = 1; lastKnownFileType = text.xcconfig; name = "Pods-EpidemikUITests.release.xcconfig"; path = "Pods/Target Support Files/Pods-EpidemikUITests/Pods-EpidemikUITests.release.xcconfig"; sourceTree = "<group>"; };
		4AC21962497E0CE7BF59EC0A /* Pods-EpidemikWidget.release.xcconfig */ = {isa = PBXFileReference; includeInIndex = 1; lastKnownFileType = text.xcconfig; name = "Pods-EpidemikWidget.release.xcconfig"; path = "Pods/Target Support Files/Pods-EpidemikWidget/Pods-EpidemikWidget.release.xcconfig"; sourceTree = "<group>"; };
		6EC4DC87A89479C6BCEB5515 /* Pods-Epidemik.debug.xcconfig */ = {isa = PBXFileReference; includeInIndex = 1; lastKnownFileType = text.xcconfig; name = "Pods-Epidemik.debug.xcconfig"; path = "Pods/Target Support Files/Pods-Epidemik/Pods-Epidemik.debug.xcconfig"; sourceTree = "<group>"; };
		740A2D698AF749C34CC1E33E /* Pods_EpidemikWidget.framework */ = {isa = PBXFileReference; explicitFileType = wrapper.framework; includeInIndex = 0; path = Pods_EpidemikWidget.framework; sourceTree = BUILT_PRODUCTS_DIR; };
		77437F779B8C2836E7736D14 /* Pods_Epidemik.framework */ = {isa = PBXFileReference; explicitFileType = wrapper.framework; includeInIndex = 0; path = Pods_Epidemik.framework; sourceTree = BUILT_PRODUCTS_DIR; };
		7AC57C5820D79F8704E625AF /* Pods-Epidemik.release.xcconfig */ = {isa = PBXFileReference; includeInIndex = 1; lastKnownFileType = text.xcconfig; name = "Pods-Epidemik.release.xcconfig"; path = "Pods/Target Support Files/Pods-Epidemik/Pods-Epidemik.release.xcconfig"; sourceTree = "<group>"; };
		9ED6065C5E8313FD0CD410FF /* Pods-EpidemikTests.debug.xcconfig */ = {isa = PBXFileReference; includeInIndex = 1; lastKnownFileType = text.xcconfig; name = "Pods-EpidemikTests.debug.xcconfig"; path = "Pods/Target Support Files/Pods-EpidemikTests/Pods-EpidemikTests.debug.xcconfig"; sourceTree = "<group>"; };
/* End PBXFileReference section */

/* Begin PBXFrameworksBuildPhase section */
		0008CE301FE6FB09006FD767 /* Frameworks */ = {
			isa = PBXFrameworksBuildPhase;
			buildActionMask = 2147483647;
			files = (
				0008CE361FE6FB09006FD767 /* NotificationCenter.framework in Frameworks */,
				7668A2EF1401CBFCB0D13AEC /* Pods_EpidemikWidget.framework in Frameworks */,
			);
			runOnlyForDeploymentPostprocessing = 0;
		};
		0011DBB11F6C0EBA004212E1 /* Frameworks */ = {
			isa = PBXFrameworksBuildPhase;
			buildActionMask = 2147483647;
			files = (
				74ECA7F608C82E52B11B5F74 /* Pods_Epidemik.framework in Frameworks */,
			);
			runOnlyForDeploymentPostprocessing = 0;
		};
		0011DBC51F6C0EBA004212E1 /* Frameworks */ = {
			isa = PBXFrameworksBuildPhase;
			buildActionMask = 2147483647;
			files = (
				76EB240D5DC1A054BDF66006 /* Pods_EpidemikTests.framework in Frameworks */,
			);
			runOnlyForDeploymentPostprocessing = 0;
		};
		0011DBD01F6C0EBA004212E1 /* Frameworks */ = {
			isa = PBXFrameworksBuildPhase;
			buildActionMask = 2147483647;
			files = (
				04579216BDE980709A5FD9C4 /* Pods_EpidemikUITests.framework in Frameworks */,
			);
			runOnlyForDeploymentPostprocessing = 0;
		};
/* End PBXFrameworksBuildPhase section */

/* Begin PBXGroup section */
		0008CE341FE6FB09006FD767 /* Frameworks */ = {
			isa = PBXGroup;
			children = (
				0008CE351FE6FB09006FD767 /* NotificationCenter.framework */,
				77437F779B8C2836E7736D14 /* Pods_Epidemik.framework */,
				285E714D61897020035FAAFE /* Pods_EpidemikTests.framework */,
				3193204358620B2BC39C6014 /* Pods_EpidemikUITests.framework */,
				740A2D698AF749C34CC1E33E /* Pods_EpidemikWidget.framework */,
			);
			name = Frameworks;
			sourceTree = "<group>";
		};
		0008CE371FE6FB09006FD767 /* EpidemikWidget */ = {
			isa = PBXGroup;
			children = (
				0008CE4B1FE702A7006FD767 /* EpidemikWidget.entitlements */,
				0008CE381FE6FB09006FD767 /* TodayViewController.swift */,
				0008CE3A1FE6FB09006FD767 /* MainInterface.storyboard */,
				0008CE3D1FE6FB09006FD767 /* Info.plist */,
				0008CE451FE6FCD6006FD767 /* TrendsWidgetView.swift */,
				0008CE471FE6FD06006FD767 /* Trend.swift */,
			);
			path = EpidemikWidget;
			sourceTree = "<group>";
		};
		0011DBAB1F6C0EBA004212E1 = {
			isa = PBXGroup;
			children = (
				009E23ED20A78D04000A144F /* Application Functions */,
				0011DBB61F6C0EBA004212E1 /* Epidemik */,
				0011DBCB1F6C0EBA004212E1 /* EpidemikTests */,
				0011DBD61F6C0EBA004212E1 /* EpidemikUITests */,
				0008CE371FE6FB09006FD767 /* EpidemikWidget */,
				0008CE341FE6FB09006FD767 /* Frameworks */,
				0011DBB51F6C0EBA004212E1 /* Products */,
				0457E4A8C51F6050A769BD19 /* Pods */,
			);
			sourceTree = "<group>";
		};
		0011DBB51F6C0EBA004212E1 /* Products */ = {
			isa = PBXGroup;
			children = (
				0011DBB41F6C0EBA004212E1 /* Epidemik.app */,
				0011DBC81F6C0EBA004212E1 /* EpidemikTests.xctest */,
				0011DBD31F6C0EBA004212E1 /* EpidemikUITests.xctest */,
				0008CE331FE6FB09006FD767 /* EpidemikWidget.appex */,
			);
			name = Products;
			sourceTree = "<group>";
		};
		0011DBB61F6C0EBA004212E1 /* Epidemik */ = {
			isa = PBXGroup;
			children = (
				00F28348208A588C00AA34E8 /* Network */,
				00173B8B20882D520047916F /* DataCenter */,
				00173B9720882E4D0047916F /* Map */,
				00173B9220882E010047916F /* Trends */,
				00173B9820882E5B0047916F /* Sickness Registration */,
				00173B9120882DF80047916F /* Settings */,
				00173B9520882E220047916F /* General */,
				00173B9B20882E7E0047916F /* Start Up */,
				005459151F749FCF00F73872 /* Epidemik.entitlements */,
				0011DBB71F6C0EBA004212E1 /* AppDelegate.swift */,
				009CE9E11F8FFFFD00D224F0 /* MainHolder.swift */,
				0011DBB91F6C0EBA004212E1 /* ViewController.swift */,
				0011DBBB1F6C0EBA004212E1 /* Main.storyboard */,
				0011DBBE1F6C0EBA004212E1 /* Assets.xcassets */,
				0011DBC01F6C0EBA004212E1 /* LaunchScreen.storyboard */,
				0011DBC31F6C0EBA004212E1 /* Info.plist */,
			);
			path = Epidemik;
			sourceTree = "<group>";
		};
		0011DBCB1F6C0EBA004212E1 /* EpidemikTests */ = {
			isa = PBXGroup;
			children = (
				009E241E20A7B85D000A144F /* MapTest */,
				009E23F220A7B207000A144F /* SmallUITests */,
				0039660920A50C7A005985FF /* DiseaseManager */,
				0039660620A50925005985FF /* Network */,
				00173B9E2088305E0047916F /* FileRWTests.swift */,
				0011DBCE1F6C0EBA004212E1 /* Info.plist */,
			);
			path = EpidemikTests;
			sourceTree = "<group>";
		};
		0011DBD61F6C0EBA004212E1 /* EpidemikUITests */ = {
			isa = PBXGroup;
			children = (
				0056504720E1339F003BCB4F /* Sickness */,
				002F6B7C209B885000053D9C /* Info.plist */,
				00AFBE5C209CEFBA0098F95A /* Login */,
			);
			path = EpidemikUITests;
			sourceTree = "<group>";
		};
		0013D22F209D41BB00314360 /* Extensions */ = {
			isa = PBXGroup;
			children = (
			);
			path = Extensions;
			sourceTree = "<group>";
		};
		0013D230209D41D100314360 /* Tests */ = {
			isa = PBXGroup;
			children = (
				009E23E520A78BB9000A144F /* Account */,
				0015C7D3209D486A005F8FA4 /* BadVersionTests.swift */,
			);
			path = Tests;
			sourceTree = "<group>";
		};
		00173B8B20882D520047916F /* DataCenter */ = {
			isa = PBXGroup;
			children = (
				00112526203889EF00C3D16A /* DataCenter.swift */,
				00E9A4C61F8EFA6C008C95BD /* Disease.swift */,
				00D665501FB5348F00C3C680 /* Trend.swift */,
				00F45FFC205F167100BF880F /* LoadingGraphic.swift */,
				00173B8F20882DAD0047916F /* DiseaseData */,
				00173B8E20882DA00047916F /* GlobalTrendData */,
				00173B8D20882D900047916F /* PersonalTrendData */,
				00173B8C20882D660047916F /* StatusData */,
			);
			path = DataCenter;
			sourceTree = "<group>";
		};
		00173B8C20882D660047916F /* StatusData */ = {
			isa = PBXGroup;
			children = (
				00315DE220584F440060D56E /* StatusDataCenter.swift */,
			);
			path = StatusData;
			sourceTree = "<group>";
		};
		00173B8D20882D900047916F /* PersonalTrendData */ = {
			isa = PBXGroup;
			children = (
				0007B17D2051D7A800355DD9 /* PersonalTrendDataCenter.swift */,
			);
			path = PersonalTrendData;
			sourceTree = "<group>";
		};
		00173B8E20882DA00047916F /* GlobalTrendData */ = {
			isa = PBXGroup;
			children = (
				00AA1809203BB8440071CA6A /* GlobalTrendDataCenter.swift */,
				004E1451205C7D490055ADA3 /* DiseaseGraph.swift */,
			);
			path = GlobalTrendData;
			sourceTree = "<group>";
		};
		00173B8F20882DAD0047916F /* DiseaseData */ = {
			isa = PBXGroup;
			children = (
				00E9D5272038A9A900C353AF /* DiseaseDataCenter.swift */,
			);
			path = DiseaseData;
			sourceTree = "<group>";
		};
		00173B9120882DF80047916F /* Settings */ = {
			isa = PBXGroup;
			children = (
				0018BCD71FE0BDB7008DCDE5 /* SettingsView.swift */,
				00BD462E1FE19C620009A4B5 /* DetailSelector.swift */,
			);
			path = Settings;
			sourceTree = "<group>";
		};
		00173B9220882E010047916F /* Trends */ = {
			isa = PBXGroup;
			children = (
				00173B9420882E150047916F /* Global Trends */,
				00173B9320882E060047916F /* Personal Trends */,
			);
			path = Trends;
			sourceTree = "<group>";
		};
		00173B9320882E060047916F /* Personal Trends */ = {
			isa = PBXGroup;
			children = (
				0007C2F4203CDCE8009EA7A8 /* PTrendsView.swift */,
				00315DDF205846770060D56E /* SicknessGraph.swift */,
			);
			path = "Personal Trends";
			sourceTree = "<group>";
		};
		00173B9420882E150047916F /* Global Trends */ = {
			isa = PBXGroup;
			children = (
				00FC190F1FB3DEB700D8FD97 /* GTrendsView.swift */,
			);
			path = "Global Trends";
			sourceTree = "<group>";
		};
		00173B9520882E220047916F /* General */ = {
			isa = PBXGroup;
			children = (
				00BD462C1FE19AF50009A4B5 /* BarSelector.swift */,
				00EBE4B01F9D2EC1005A8E6B /* Presets.swift */,
				00CD77FC1F7844C1002B5C78 /* FileRW.swift */,
				0010A42E1F800DD000D12495 /* ScrollSelector.swift */,
				0079189A1FF56C4900DB03D3 /* TransitionControls.swift */,
				0014D41A204C4550007D9E31 /* UIViewExtension.swift */,
				000F3D072066E30C00A191A6 /* CheckBox.swift */,
				0087EADD2041091B00BDEEC8 /* Asker.swift */,
				00173B9620882E260047916F /* Address */,
			);
			path = General;
			sourceTree = "<group>";
		};
		00173B9620882E260047916F /* Address */ = {
			isa = PBXGroup;
			children = (
				00BD46301FE1C6F20009A4B5 /* AddressChanger.swift */,
			);
			path = Address;
			sourceTree = "<group>";
		};
		00173B9720882E4D0047916F /* Map */ = {
			isa = PBXGroup;
			children = (
				0014D41C204C4687007D9E31 /* MapExtension.swift */,
				0032F3411F808295001A9633 /* MapOverlayCreator.swift */,
				00BC4F6F1F81746C0018D5D8 /* Map.swift */,
				00224BE72038C9CF002430D3 /* DiseasePolygon.swift */,
				007011672087A58C008DFF49 /* DiseaseManager.swift */,
			);
			path = Map;
			sourceTree = "<group>";
		};
		00173B9820882E5B0047916F /* Sickness Registration */ = {
			isa = PBXGroup;
			children = (
				000F3D092066ED0300A191A6 /* DiseaseQuestions.swift */,
				00B5D85720FE64B000583214 /* Sickness */,
				00B5D85620FE64A300583214 /* Diagnosis */,
				0083AD241F795BD8007AEF87 /* SicknessView.swift */,
				006B47A920FF8EC6004C80C5 /* SymptomSelector.swift */,
			);
			path = "Sickness Registration";
			sourceTree = "<group>";
		};
		00173B9B20882E7E0047916F /* Start Up */ = {
			isa = PBXGroup;
			children = (
				003ACA2D2108D9EE006730FC /* Login */,
				003ACA2C2108D9E8006730FC /* Creation */,
				008F79772059F9AE00B794A1 /* AccountTextBox.swift */,
				0031F033208936F800B55DD6 /* BadVersionScreen.swift */,
				00D6750B2108D99B0080071B /* AccountScreen.swift */,
			);
			path = "Start Up";
			sourceTree = "<group>";
		};
		0039660620A50925005985FF /* Network */ = {
			isa = PBXGroup;
			children = (
				00F2834F208A6FE200AA34E8 /* NetworkTests.swift */,
			);
			path = Network;
			sourceTree = "<group>";
		};
		0039660920A50C7A005985FF /* DiseaseManager */ = {
			isa = PBXGroup;
			children = (
				0011DBCC1F6C0EBA004212E1 /* DiseaseManagementTests.swift */,
				0039661020A51191005985FF /* DiseaseManagerMeasurments.swift */,
			);
			path = DiseaseManager;
			sourceTree = "<group>";
		};
		003ACA2C2108D9E8006730FC /* Creation */ = {
			isa = PBXGroup;
			children = (
				007E5396210A1BFE00AA9677 /* Subviews */,
				003ACA302108DE42006730FC /* Create.swift */,
			);
			path = Creation;
			sourceTree = "<group>";
		};
		003ACA2D2108D9EE006730FC /* Login */ = {
			isa = PBXGroup;
			children = (
				003ACA2E2108DA41006730FC /* Login.swift */,
			);
			path = Login;
			sourceTree = "<group>";
		};
		0056504720E1339F003BCB4F /* Sickness */ = {
			isa = PBXGroup;
			children = (
				0056504820E133CB003BCB4F /* SicknessSubmission.swift */,
			);
			path = Sickness;
			sourceTree = "<group>";
		};
		0070FAAB210774F50068A7B6 /* Result */ = {
			isa = PBXGroup;
			children = (
				00DC41F020F8DD090025BDC2 /* ResultReporter.swift */,
				0070FAAC2107750C0068A7B6 /* DiseaseInfoScreen.swift */,
			);
			path = Result;
			sourceTree = "<group>";
		};
		007E5396210A1BFE00AA9677 /* Subviews */ = {
			isa = PBXGroup;
			children = (
				003ACA352108F7D6006730FC /* PersonQuestions.swift */,
				007E5390210A1A3A00AA9677 /* AgeSelector.swift */,
				007E5392210A1A4500AA9677 /* WeightHeightSelector.swift */,
				007E5394210A1A6600AA9677 /* UsernameSelector.swift */,
				0031F035208963F500B55DD6 /* GenderSelector.swift */,
				00F28346208A507F00AA34E8 /* AddressCreator.swift */,
			);
			path = Subviews;
			sourceTree = "<group>";
		};
		009E23E520A78BB9000A144F /* Account */ = {
			isa = PBXGroup;
			children = (
				009E23E620A78BEB000A144F /* LoginViewTests.swift */,
				00347985209BAA480012B1A5 /* LogInProcessTests.swift */,
				0013D231209D41E300314360 /* CreateAccTests.swift */,
				0015C7DD209E3781005F8FA4 /* LogOutTest.swift */,
				00EE56CE20A0C1210073C191 /* ChangeAddressTest.swift */,
			);
			path = Account;
			sourceTree = "<group>";
		};
		009E23ED20A78D04000A144F /* Application Functions */ = {
			isa = PBXGroup;
			children = (
				00AFBE5F209D09660098F95A /* CreateAccExtension.swift */,
				00AFBE5D209CEFCB0098F95A /* LoginExtension.swift */,
				001334D620A0FEE8001DCCDA /* MainAppButtons.swift */,
			);
			path = "Application Functions";
			sourceTree = "<group>";
		};
		009E23F220A7B207000A144F /* SmallUITests */ = {
			isa = PBXGroup;
			children = (
				009E23F320A7B22A000A144F /* GenderSelectorTests.swift */,
			);
			path = SmallUITests;
			sourceTree = "<group>";
		};
		009E241E20A7B85D000A144F /* MapTest */ = {
			isa = PBXGroup;
			children = (
				009E242120A7B886000A144F /* AddOverlaysTest.swift */,
			);
			path = MapTest;
			sourceTree = "<group>";
		};
		00AFBE5C209CEFBA0098F95A /* Login */ = {
			isa = PBXGroup;
			children = (
				0013D230209D41D100314360 /* Tests */,
				0013D22F209D41BB00314360 /* Extensions */,
			);
			path = Login;
			sourceTree = "<group>";
		};
		00B5D85620FE64A300583214 /* Diagnosis */ = {
			isa = PBXGroup;
			children = (
				0070FAAB210774F50068A7B6 /* Result */,
				00DC41EA20F8DCA00025BDC2 /* DataTermsOfService.swift */,
				00DC41EC20F8DCB90025BDC2 /* PersonSymptomSelector.swift */,
				00DC41EE20F8DCD20025BDC2 /* BodyPartSymptomSelector.swift */,
				00B5D85420FE61B300583214 /* DiagnosisManager.swift */,
			);
			path = Diagnosis;
			sourceTree = "<group>";
		};
		00B5D85720FE64B000583214 /* Sickness */ = {
			isa = PBXGroup;
			children = (
				00B5D85A20FE64DD00583214 /* DiseaseNameScreen.swift */,
				00B5D85920FE64DD00583214 /* DiseaseQuestionair.swift */,
			);
			path = Sickness;
			sourceTree = "<group>";
		};
		00F28348208A588C00AA34E8 /* Network */ = {
			isa = PBXGroup;
			children = (
				00F28349208A58B800AA34E8 /* NetworkAPI.swift */,
			);
			path = Network;
			sourceTree = "<group>";
		};
		0457E4A8C51F6050A769BD19 /* Pods */ = {
			isa = PBXGroup;
			children = (
				6EC4DC87A89479C6BCEB5515 /* Pods-Epidemik.debug.xcconfig */,
				7AC57C5820D79F8704E625AF /* Pods-Epidemik.release.xcconfig */,
				9ED6065C5E8313FD0CD410FF /* Pods-EpidemikTests.debug.xcconfig */,
				1BBC144B3873C7A729C661FA /* Pods-EpidemikTests.release.xcconfig */,
				2D429704388D424BF4A2EC54 /* Pods-EpidemikUITests.debug.xcconfig */,
				466CFD39A3361DF27B3FFC50 /* Pods-EpidemikUITests.release.xcconfig */,
				2CF12140DB60CEE237E4C74C /* Pods-EpidemikWidget.debug.xcconfig */,
				4AC21962497E0CE7BF59EC0A /* Pods-EpidemikWidget.release.xcconfig */,
			);
			name = Pods;
			sourceTree = "<group>";
		};
/* End PBXGroup section */

/* Begin PBXNativeTarget section */
		0008CE321FE6FB09006FD767 /* EpidemikWidget */ = {
			isa = PBXNativeTarget;
			buildConfigurationList = 0008CE431FE6FB09006FD767 /* Build configuration list for PBXNativeTarget "EpidemikWidget" */;
			buildPhases = (
				BFD508BC8868C8D64A1571E8 /* [CP] Check Pods Manifest.lock */,
				0008CE2F1FE6FB09006FD767 /* Sources */,
				0008CE301FE6FB09006FD767 /* Frameworks */,
				0008CE311FE6FB09006FD767 /* Resources */,
			);
			buildRules = (
			);
			dependencies = (
			);
			name = EpidemikWidget;
			productName = EpidemikWidget;
			productReference = 0008CE331FE6FB09006FD767 /* EpidemikWidget.appex */;
			productType = "com.apple.product-type.app-extension";
		};
		0011DBB31F6C0EBA004212E1 /* Epidemik */ = {
			isa = PBXNativeTarget;
			buildConfigurationList = 0011DBDC1F6C0EBA004212E1 /* Build configuration list for PBXNativeTarget "Epidemik" */;
			buildPhases = (
				432E1D6EF39952DB6D24242A /* [CP] Check Pods Manifest.lock */,
				0011DBB01F6C0EBA004212E1 /* Sources */,
				0011DBB11F6C0EBA004212E1 /* Frameworks */,
				0011DBB21F6C0EBA004212E1 /* Resources */,
				0008CE441FE6FB09006FD767 /* Embed App Extensions */,
				1AD4A275896F1C337432F9CA /* [CP] Embed Pods Frameworks */,
			);
			buildRules = (
			);
			dependencies = (
				0008CE3F1FE6FB09006FD767 /* PBXTargetDependency */,
			);
			name = Epidemik;
			productName = Epidemik;
			productReference = 0011DBB41F6C0EBA004212E1 /* Epidemik.app */;
			productType = "com.apple.product-type.application";
		};
		0011DBC71F6C0EBA004212E1 /* EpidemikTests */ = {
			isa = PBXNativeTarget;
			buildConfigurationList = 0011DBDF1F6C0EBA004212E1 /* Build configuration list for PBXNativeTarget "EpidemikTests" */;
			buildPhases = (
				29A125CC17868F40047E7CAF /* [CP] Check Pods Manifest.lock */,
				0011DBC41F6C0EBA004212E1 /* Sources */,
				0011DBC51F6C0EBA004212E1 /* Frameworks */,
				0011DBC61F6C0EBA004212E1 /* Resources */,
			);
			buildRules = (
			);
			dependencies = (
				0011DBCA1F6C0EBA004212E1 /* PBXTargetDependency */,
			);
			name = EpidemikTests;
			productName = EpidemikTests;
			productReference = 0011DBC81F6C0EBA004212E1 /* EpidemikTests.xctest */;
			productType = "com.apple.product-type.bundle.unit-test";
		};
		0011DBD21F6C0EBA004212E1 /* EpidemikUITests */ = {
			isa = PBXNativeTarget;
			buildConfigurationList = 0011DBE21F6C0EBA004212E1 /* Build configuration list for PBXNativeTarget "EpidemikUITests" */;
			buildPhases = (
				5CB3E2ACAC5A056DE491A8CB /* [CP] Check Pods Manifest.lock */,
				0011DBCF1F6C0EBA004212E1 /* Sources */,
				0011DBD01F6C0EBA004212E1 /* Frameworks */,
				0011DBD11F6C0EBA004212E1 /* Resources */,
			);
			buildRules = (
			);
			dependencies = (
				0011DBD51F6C0EBA004212E1 /* PBXTargetDependency */,
			);
			name = EpidemikUITests;
			productName = EpidemikUITests;
			productReference = 0011DBD31F6C0EBA004212E1 /* EpidemikUITests.xctest */;
			productType = "com.apple.product-type.bundle.ui-testing";
		};
/* End PBXNativeTarget section */

/* Begin PBXProject section */
		0011DBAC1F6C0EBA004212E1 /* Project object */ = {
			isa = PBXProject;
			attributes = {
				KnownAssetTags = (
					New,
				);
				LastSwiftUpdateCheck = 0920;
				LastUpgradeCheck = 0930;
				ORGANIZATIONNAME = "RBradford Studios";
				TargetAttributes = {
					0008CE321FE6FB09006FD767 = {
						CreatedOnToolsVersion = 9.2;
						DevelopmentTeam = 637YQRHJ3C;
						ProvisioningStyle = Automatic;
						SystemCapabilities = {
							com.apple.ApplicationGroups.iOS = {
								enabled = 1;
							};
						};
					};
					0011DBB31F6C0EBA004212E1 = {
						CreatedOnToolsVersion = 8.3.3;
						DevelopmentTeam = 637YQRHJ3C;
						LastSwiftMigration = 0900;
						ProvisioningStyle = Automatic;
						SystemCapabilities = {
							com.apple.ApplicationGroups.iOS = {
								enabled = 1;
							};
							com.apple.Push = {
								enabled = 1;
							};
						};
					};
					0011DBC71F6C0EBA004212E1 = {
						CreatedOnToolsVersion = 8.3.3;
						DevelopmentTeam = 637YQRHJ3C;
						LastSwiftMigration = 0900;
						ProvisioningStyle = Automatic;
						TestTargetID = 0011DBB31F6C0EBA004212E1;
					};
					0011DBD21F6C0EBA004212E1 = {
						CreatedOnToolsVersion = 8.3.3;
						DevelopmentTeam = 637YQRHJ3C;
						LastSwiftMigration = 0900;
						ProvisioningStyle = Automatic;
						TestTargetID = 0011DBB31F6C0EBA004212E1;
					};
				};
			};
			buildConfigurationList = 0011DBAF1F6C0EBA004212E1 /* Build configuration list for PBXProject "Epidemik" */;
			compatibilityVersion = "Xcode 3.2";
			developmentRegion = English;
			hasScannedForEncodings = 0;
			knownRegions = (
				en,
				Base,
			);
			mainGroup = 0011DBAB1F6C0EBA004212E1;
			productRefGroup = 0011DBB51F6C0EBA004212E1 /* Products */;
			projectDirPath = "";
			projectRoot = "";
			targets = (
				0011DBB31F6C0EBA004212E1 /* Epidemik */,
				0011DBC71F6C0EBA004212E1 /* EpidemikTests */,
				0011DBD21F6C0EBA004212E1 /* EpidemikUITests */,
				0008CE321FE6FB09006FD767 /* EpidemikWidget */,
			);
		};
/* End PBXProject section */

/* Begin PBXResourcesBuildPhase section */
		0008CE311FE6FB09006FD767 /* Resources */ = {
			isa = PBXResourcesBuildPhase;
			buildActionMask = 2147483647;
			files = (
				0008CE3C1FE6FB09006FD767 /* MainInterface.storyboard in Resources */,
			);
			runOnlyForDeploymentPostprocessing = 0;
		};
		0011DBB21F6C0EBA004212E1 /* Resources */ = {
			isa = PBXResourcesBuildPhase;
			buildActionMask = 2147483647;
			files = (
				0011DBC21F6C0EBA004212E1 /* LaunchScreen.storyboard in Resources */,
				0011DBBF1F6C0EBA004212E1 /* Assets.xcassets in Resources */,
				0011DBBD1F6C0EBA004212E1 /* Main.storyboard in Resources */,
			);
			runOnlyForDeploymentPostprocessing = 0;
		};
		0011DBC61F6C0EBA004212E1 /* Resources */ = {
			isa = PBXResourcesBuildPhase;
			buildActionMask = 2147483647;
			files = (
			);
			runOnlyForDeploymentPostprocessing = 0;
		};
		0011DBD11F6C0EBA004212E1 /* Resources */ = {
			isa = PBXResourcesBuildPhase;
			buildActionMask = 2147483647;
			files = (
			);
			runOnlyForDeploymentPostprocessing = 0;
		};
/* End PBXResourcesBuildPhase section */

/* Begin PBXShellScriptBuildPhase section */
		1AD4A275896F1C337432F9CA /* [CP] Embed Pods Frameworks */ = {
			isa = PBXShellScriptBuildPhase;
			buildActionMask = 2147483647;
			files = (
			);
			inputPaths = (
				"${SRCROOT}/Pods/Target Support Files/Pods-Epidemik/Pods-Epidemik-frameworks.sh",
				"${BUILT_PRODUCTS_DIR}/SwiftyJSON/SwiftyJSON.framework",
			);
			name = "[CP] Embed Pods Frameworks";
			outputPaths = (
				"${TARGET_BUILD_DIR}/${FRAMEWORKS_FOLDER_PATH}/SwiftyJSON.framework",
			);
			runOnlyForDeploymentPostprocessing = 0;
			shellPath = /bin/sh;
			shellScript = "\"${SRCROOT}/Pods/Target Support Files/Pods-Epidemik/Pods-Epidemik-frameworks.sh\"\n";
			showEnvVarsInLog = 0;
		};
		29A125CC17868F40047E7CAF /* [CP] Check Pods Manifest.lock */ = {
			isa = PBXShellScriptBuildPhase;
			buildActionMask = 2147483647;
			files = (
			);
			inputPaths = (
				"${PODS_PODFILE_DIR_PATH}/Podfile.lock",
				"${PODS_ROOT}/Manifest.lock",
			);
			name = "[CP] Check Pods Manifest.lock";
			outputPaths = (
				"$(DERIVED_FILE_DIR)/Pods-EpidemikTests-checkManifestLockResult.txt",
			);
			runOnlyForDeploymentPostprocessing = 0;
			shellPath = /bin/sh;
			shellScript = "diff \"${PODS_PODFILE_DIR_PATH}/Podfile.lock\" \"${PODS_ROOT}/Manifest.lock\" > /dev/null\nif [ $? != 0 ] ; then\n    # print error to STDERR\n    echo \"error: The sandbox is not in sync with the Podfile.lock. Run 'pod install' or update your CocoaPods installation.\" >&2\n    exit 1\nfi\n# This output is used by Xcode 'outputs' to avoid re-running this script phase.\necho \"SUCCESS\" > \"${SCRIPT_OUTPUT_FILE_0}\"\n";
			showEnvVarsInLog = 0;
		};
		432E1D6EF39952DB6D24242A /* [CP] Check Pods Manifest.lock */ = {
			isa = PBXShellScriptBuildPhase;
			buildActionMask = 2147483647;
			files = (
			);
			inputPaths = (
				"${PODS_PODFILE_DIR_PATH}/Podfile.lock",
				"${PODS_ROOT}/Manifest.lock",
			);
			name = "[CP] Check Pods Manifest.lock";
			outputPaths = (
				"$(DERIVED_FILE_DIR)/Pods-Epidemik-checkManifestLockResult.txt",
			);
			runOnlyForDeploymentPostprocessing = 0;
			shellPath = /bin/sh;
			shellScript = "diff \"${PODS_PODFILE_DIR_PATH}/Podfile.lock\" \"${PODS_ROOT}/Manifest.lock\" > /dev/null\nif [ $? != 0 ] ; then\n    # print error to STDERR\n    echo \"error: The sandbox is not in sync with the Podfile.lock. Run 'pod install' or update your CocoaPods installation.\" >&2\n    exit 1\nfi\n# This output is used by Xcode 'outputs' to avoid re-running this script phase.\necho \"SUCCESS\" > \"${SCRIPT_OUTPUT_FILE_0}\"\n";
			showEnvVarsInLog = 0;
		};
		5CB3E2ACAC5A056DE491A8CB /* [CP] Check Pods Manifest.lock */ = {
			isa = PBXShellScriptBuildPhase;
			buildActionMask = 2147483647;
			files = (
			);
			inputPaths = (
				"${PODS_PODFILE_DIR_PATH}/Podfile.lock",
				"${PODS_ROOT}/Manifest.lock",
			);
			name = "[CP] Check Pods Manifest.lock";
			outputPaths = (
				"$(DERIVED_FILE_DIR)/Pods-EpidemikUITests-checkManifestLockResult.txt",
			);
			runOnlyForDeploymentPostprocessing = 0;
			shellPath = /bin/sh;
			shellScript = "diff \"${PODS_PODFILE_DIR_PATH}/Podfile.lock\" \"${PODS_ROOT}/Manifest.lock\" > /dev/null\nif [ $? != 0 ] ; then\n    # print error to STDERR\n    echo \"error: The sandbox is not in sync with the Podfile.lock. Run 'pod install' or update your CocoaPods installation.\" >&2\n    exit 1\nfi\n# This output is used by Xcode 'outputs' to avoid re-running this script phase.\necho \"SUCCESS\" > \"${SCRIPT_OUTPUT_FILE_0}\"\n";
			showEnvVarsInLog = 0;
		};
		BFD508BC8868C8D64A1571E8 /* [CP] Check Pods Manifest.lock */ = {
			isa = PBXShellScriptBuildPhase;
			buildActionMask = 2147483647;
			files = (
			);
			inputPaths = (
				"${PODS_PODFILE_DIR_PATH}/Podfile.lock",
				"${PODS_ROOT}/Manifest.lock",
			);
			name = "[CP] Check Pods Manifest.lock";
			outputPaths = (
				"$(DERIVED_FILE_DIR)/Pods-EpidemikWidget-checkManifestLockResult.txt",
			);
			runOnlyForDeploymentPostprocessing = 0;
			shellPath = /bin/sh;
			shellScript = "diff \"${PODS_PODFILE_DIR_PATH}/Podfile.lock\" \"${PODS_ROOT}/Manifest.lock\" > /dev/null\nif [ $? != 0 ] ; then\n    # print error to STDERR\n    echo \"error: The sandbox is not in sync with the Podfile.lock. Run 'pod install' or update your CocoaPods installation.\" >&2\n    exit 1\nfi\n# This output is used by Xcode 'outputs' to avoid re-running this script phase.\necho \"SUCCESS\" > \"${SCRIPT_OUTPUT_FILE_0}\"\n";
			showEnvVarsInLog = 0;
		};
/* End PBXShellScriptBuildPhase section */

/* Begin PBXSourcesBuildPhase section */
		0008CE2F1FE6FB09006FD767 /* Sources */ = {
			isa = PBXSourcesBuildPhase;
			buildActionMask = 2147483647;
			files = (
				00C0DB9D20EBF0D6003D452C /* BadVersionScreen.swift in Sources */,
				00F2834B208A64A000AA34E8 /* NetworkAPI.swift in Sources */,
				00173B9D20882F140047916F /* Presets.swift in Sources */,
				00173B9C20882F000047916F /* FileRW.swift in Sources */,
				002032352061D470005EBC9B /* Trend.swift in Sources */,
				0008CE4D1FE706CC006FD767 /* Assets.xcassets in Sources */,
				0008CE461FE6FCD6006FD767 /* TrendsWidgetView.swift in Sources */,
				0008CE391FE6FB09006FD767 /* TodayViewController.swift in Sources */,
			);
			runOnlyForDeploymentPostprocessing = 0;
		};
		0011DBB01F6C0EBA004212E1 /* Sources */ = {
			isa = PBXSourcesBuildPhase;
			buildActionMask = 2147483647;
			files = (
				00E9A4C71F8EFA6C008C95BD /* Disease.swift in Sources */,
				0014D41D204C4687007D9E31 /* MapExtension.swift in Sources */,
				00BD462F1FE19C620009A4B5 /* DetailSelector.swift in Sources */,
				00315DE0205846770060D56E /* SicknessGraph.swift in Sources */,
				0031F036208963F500B55DD6 /* GenderSelector.swift in Sources */,
				0010A42F1F800DD000D12495 /* ScrollSelector.swift in Sources */,
				00F45FFD205F167100BF880F /* LoadingGraphic.swift in Sources */,
				00FC19101FB3DEB700D8FD97 /* GTrendsView.swift in Sources */,
				0083AD251F795BD8007AEF87 /* SicknessView.swift in Sources */,
				00B5D85C20FE64DD00583214 /* DiseaseQuestionair.swift in Sources */,
				00BC4F701F81746C0018D5D8 /* Map.swift in Sources */,
				004E1452205C7D490055ADA3 /* DiseaseGraph.swift in Sources */,
				0070FAAD2107750C0068A7B6 /* DiseaseInfoScreen.swift in Sources */,
				0007B17E2051D7A800355DD9 /* PersonalTrendDataCenter.swift in Sources */,
				00EBE4B11F9D2EC1005A8E6B /* Presets.swift in Sources */,
				009CE9E21F8FFFFD00D224F0 /* MainHolder.swift in Sources */,
				007E5393210A1A4500AA9677 /* WeightHeightSelector.swift in Sources */,
				00E9D5282038A9A900C353AF /* DiseaseDataCenter.swift in Sources */,
				00DC41EB20F8DCA00025BDC2 /* DataTermsOfService.swift in Sources */,
				00D6750C2108D99B0080071B /* AccountScreen.swift in Sources */,
				00BD46311FE1C6F20009A4B5 /* AddressChanger.swift in Sources */,
				00B5D85520FE61B300583214 /* DiagnosisManager.swift in Sources */,
				003ACA2F2108DA41006730FC /* Login.swift in Sources */,
				00B5D85D20FE64DD00583214 /* DiseaseNameScreen.swift in Sources */,
				00DC41EF20F8DCD20025BDC2 /* BodyPartSymptomSelector.swift in Sources */,
				007E5395210A1A6600AA9677 /* UsernameSelector.swift in Sources */,
				0087EADE2041091B00BDEEC8 /* Asker.swift in Sources */,
				00315DE320584F440060D56E /* StatusDataCenter.swift in Sources */,
				00D665511FB5348F00C3C680 /* Trend.swift in Sources */,
				0079189B1FF56C4900DB03D3 /* TransitionControls.swift in Sources */,
				00DC41ED20F8DCB90025BDC2 /* PersonSymptomSelector.swift in Sources */,
				00112527203889EF00C3D16A /* DataCenter.swift in Sources */,
				0031F034208936F800B55DD6 /* BadVersionScreen.swift in Sources */,
				00CD77FD1F7844C1002B5C78 /* FileRW.swift in Sources */,
				0011DBBA1F6C0EBA004212E1 /* ViewController.swift in Sources */,
				00AA180A203BB8440071CA6A /* GlobalTrendDataCenter.swift in Sources */,
				00DC41F120F8DD090025BDC2 /* ResultReporter.swift in Sources */,
				003ACA312108DE42006730FC /* Create.swift in Sources */,
				000F3D082066E30C00A191A6 /* CheckBox.swift in Sources */,
				007011682087A58C008DFF49 /* DiseaseManager.swift in Sources */,
				0032F3421F808295001A9633 /* MapOverlayCreator.swift in Sources */,
				003ACA362108F7D6006730FC /* PersonQuestions.swift in Sources */,
				0018BCD81FE0BDB7008DCDE5 /* SettingsView.swift in Sources */,
				00BD462D1FE19AF50009A4B5 /* BarSelector.swift in Sources */,
				007E5391210A1A3A00AA9677 /* AgeSelector.swift in Sources */,
				008F79782059F9AE00B794A1 /* AccountTextBox.swift in Sources */,
				00F28347208A507F00AA34E8 /* AddressCreator.swift in Sources */,
				0007C2F5203CDCE8009EA7A8 /* PTrendsView.swift in Sources */,
				006B47AA20FF8EC6004C80C5 /* SymptomSelector.swift in Sources */,
				00F2834A208A58B800AA34E8 /* NetworkAPI.swift in Sources */,
				000F3D0A2066ED0300A191A6 /* DiseaseQuestions.swift in Sources */,
				0014D41B204C4550007D9E31 /* UIViewExtension.swift in Sources */,
				0011DBB81F6C0EBA004212E1 /* AppDelegate.swift in Sources */,
				00224BE82038C9CF002430D3 /* DiseasePolygon.swift in Sources */,
			);
			runOnlyForDeploymentPostprocessing = 0;
		};
		0011DBC41F6C0EBA004212E1 /* Sources */ = {
			isa = PBXSourcesBuildPhase;
			buildActionMask = 2147483647;
			files = (
				003ACA372108FAF2006730FC /* PersonQuestions.swift in Sources */,
				003ACA322108F5A7006730FC /* Login.swift in Sources */,
				007E5398210A1C0A00AA9677 /* UsernameSelector.swift in Sources */,
				003ACA332108F5A7006730FC /* Create.swift in Sources */,
				003ACA342108F5A7006730FC /* AccountScreen.swift in Sources */,
				0070FAAE210775A90068A7B6 /* DiseaseInfoScreen.swift in Sources */,
				0018286020FFA28400741514 /* SymptomSelector.swift in Sources */,
				00B5D86120FE687B00583214 /* DataTermsOfService.swift in Sources */,
				00B5D86220FE687B00583214 /* PersonSymptomSelector.swift in Sources */,
				00B5D86320FE687B00583214 /* BodyPartSymptomSelector.swift in Sources */,
				00B5D86420FE687B00583214 /* ResultReporter.swift in Sources */,
				00B5D86520FE687B00583214 /* DiagnosisManager.swift in Sources */,
				00B5D85F20FE687200583214 /* DiseaseNameScreen.swift in Sources */,
				00B5D85E20FE686D00583214 /* DiseaseQuestionair.swift in Sources */,
				009E23F620A7B2A2000A144F /* DataCenter.swift in Sources */,
				007E5397210A1C0A00AA9677 /* WeightHeightSelector.swift in Sources */,
				009E23F720A7B2A2000A144F /* Disease.swift in Sources */,
				009E23F820A7B2A2000A144F /* Trend.swift in Sources */,
				009E23F920A7B2A2000A144F /* LoadingGraphic.swift in Sources */,
				009E23FA20A7B2A2000A144F /* DiseaseQuestions.swift in Sources */,
				009E23FB20A7B2A2000A144F /* DiseaseDataCenter.swift in Sources */,
				009E23FC20A7B2A2000A144F /* GlobalTrendDataCenter.swift in Sources */,
				009E23FD20A7B2A2000A144F /* DiseaseGraph.swift in Sources */,
				009E23FE20A7B2A2000A144F /* PersonalTrendDataCenter.swift in Sources */,
				009E23FF20A7B2A2000A144F /* StatusDataCenter.swift in Sources */,
				009E240020A7B2A2000A144F /* MapExtension.swift in Sources */,
				009E240120A7B2A2000A144F /* MapOverlayCreator.swift in Sources */,
				009E240220A7B2A2000A144F /* Map.swift in Sources */,
				009E240320A7B2A2000A144F /* DiseasePolygon.swift in Sources */,
				009E240420A7B2A2000A144F /* GTrendsView.swift in Sources */,
				009E240520A7B2A2000A144F /* PTrendsView.swift in Sources */,
				009E240620A7B2A2000A144F /* SicknessGraph.swift in Sources */,
				009E240720A7B2A2000A144F /* SicknessView.swift in Sources */,
				009E242220A7B886000A144F /* AddOverlaysTest.swift in Sources */,
				009E240C20A7B2A2000A144F /* SettingsView.swift in Sources */,
				009E240D20A7B2A2000A144F /* DetailSelector.swift in Sources */,
				009E240E20A7B2A2000A144F /* BarSelector.swift in Sources */,
				009E240F20A7B2A2000A144F /* Presets.swift in Sources */,
				009E241020A7B2A2000A144F /* ScrollSelector.swift in Sources */,
				009E241120A7B2A2000A144F /* TransitionControls.swift in Sources */,
				009E241220A7B2A2000A144F /* UIViewExtension.swift in Sources */,
				009E241320A7B2A2000A144F /* CheckBox.swift in Sources */,
				009E241420A7B2A2000A144F /* Asker.swift in Sources */,
				009E241520A7B2A2000A144F /* AddressChanger.swift in Sources */,
				009E241720A7B2A2000A144F /* AccountTextBox.swift in Sources */,
				009E241820A7B2A2000A144F /* BadVersionScreen.swift in Sources */,
				009E241920A7B2A2000A144F /* AddressCreator.swift in Sources */,
				009E241B20A7B2A2000A144F /* AppDelegate.swift in Sources */,
				009E241C20A7B2A2000A144F /* MainHolder.swift in Sources */,
				009E241D20A7B2A2000A144F /* ViewController.swift in Sources */,
				009E23F520A7B25B000A144F /* GenderSelector.swift in Sources */,
				009E23EE20A78D21000A144F /* CreateAccExtension.swift in Sources */,
				007E5399210A1C0A00AA9677 /* AgeSelector.swift in Sources */,
				009E23EF20A78D21000A144F /* LoginExtension.swift in Sources */,
				009E23F020A78D21000A144F /* MainAppButtons.swift in Sources */,
				00F28350208A6FE200AA34E8 /* NetworkTests.swift in Sources */,
				00F2834C208A6FC300AA34E8 /* NetworkAPI.swift in Sources */,
				00173BA0208830820047916F /* FileRW.swift in Sources */,
				007011692087AD14008DFF49 /* DiseaseManager.swift in Sources */,
				009E23F420A7B22A000A144F /* GenderSelectorTests.swift in Sources */,
				00173B9F2088305E0047916F /* FileRWTests.swift in Sources */,
				0011DBCD1F6C0EBA004212E1 /* DiseaseManagementTests.swift in Sources */,
				0039661120A51191005985FF /* DiseaseManagerMeasurments.swift in Sources */,
			);
			runOnlyForDeploymentPostprocessing = 0;
		};
		0011DBCF1F6C0EBA004212E1 /* Sources */ = {
			isa = PBXSourcesBuildPhase;
			buildActionMask = 2147483647;
			files = (
				0056504920E133CB003BCB4F /* SicknessSubmission.swift in Sources */,
				00AFBE5B209CE4B20098F95A /* LogInProcessTests.swift in Sources */,
				0013D232209D41E300314360 /* CreateAccTests.swift in Sources */,
				00AFBE5E209CEFCB0098F95A /* LoginExtension.swift in Sources */,
				001334D720A0FEE8001DCCDA /* MainAppButtons.swift in Sources */,
				0015C7D4209D486A005F8FA4 /* BadVersionTests.swift in Sources */,
				009E23F120A7ADC6000A144F /* LoginViewTests.swift in Sources */,
				00AFBE60209D09660098F95A /* CreateAccExtension.swift in Sources */,
				00EE56CF20A0C1210073C191 /* ChangeAddressTest.swift in Sources */,
				0015C7DE209E3781005F8FA4 /* LogOutTest.swift in Sources */,
			);
			runOnlyForDeploymentPostprocessing = 0;
		};
/* End PBXSourcesBuildPhase section */

/* Begin PBXTargetDependency section */
		0008CE3F1FE6FB09006FD767 /* PBXTargetDependency */ = {
			isa = PBXTargetDependency;
			target = 0008CE321FE6FB09006FD767 /* EpidemikWidget */;
			targetProxy = 0008CE3E1FE6FB09006FD767 /* PBXContainerItemProxy */;
		};
		0011DBCA1F6C0EBA004212E1 /* PBXTargetDependency */ = {
			isa = PBXTargetDependency;
			target = 0011DBB31F6C0EBA004212E1 /* Epidemik */;
			targetProxy = 0011DBC91F6C0EBA004212E1 /* PBXContainerItemProxy */;
		};
		0011DBD51F6C0EBA004212E1 /* PBXTargetDependency */ = {
			isa = PBXTargetDependency;
			target = 0011DBB31F6C0EBA004212E1 /* Epidemik */;
			targetProxy = 0011DBD41F6C0EBA004212E1 /* PBXContainerItemProxy */;
		};
/* End PBXTargetDependency section */

/* Begin PBXVariantGroup section */
		0008CE3A1FE6FB09006FD767 /* MainInterface.storyboard */ = {
			isa = PBXVariantGroup;
			children = (
				0008CE3B1FE6FB09006FD767 /* Base */,
			);
			name = MainInterface.storyboard;
			sourceTree = "<group>";
		};
		0011DBBB1F6C0EBA004212E1 /* Main.storyboard */ = {
			isa = PBXVariantGroup;
			children = (
				0011DBBC1F6C0EBA004212E1 /* Base */,
			);
			name = Main.storyboard;
			sourceTree = "<group>";
		};
		0011DBC01F6C0EBA004212E1 /* LaunchScreen.storyboard */ = {
			isa = PBXVariantGroup;
			children = (
				0011DBC11F6C0EBA004212E1 /* Base */,
			);
			name = LaunchScreen.storyboard;
			sourceTree = "<group>";
		};
/* End PBXVariantGroup section */

/* Begin XCBuildConfiguration section */
		0008CE411FE6FB09006FD767 /* Debug */ = {
			isa = XCBuildConfiguration;
			baseConfigurationReference = 2CF12140DB60CEE237E4C74C /* Pods-EpidemikWidget.debug.xcconfig */;
			buildSettings = {
				ALWAYS_EMBED_SWIFT_STANDARD_LIBRARIES = NO;
				CLANG_CXX_LANGUAGE_STANDARD = "gnu++14";
				CLANG_WARN_UNGUARDED_AVAILABILITY = YES_AGGRESSIVE;
				CODE_SIGN_ENTITLEMENTS = EpidemikWidget/EpidemikWidget.entitlements;
				CODE_SIGN_IDENTITY = "iPhone Developer";
				CODE_SIGN_STYLE = Automatic;
				DEVELOPMENT_TEAM = 637YQRHJ3C;
				GCC_C_LANGUAGE_STANDARD = gnu11;
				INFOPLIST_FILE = EpidemikWidget/Info.plist;
				IPHONEOS_DEPLOYMENT_TARGET = 10.0;
				LD_RUNPATH_SEARCH_PATHS = "$(inherited) @executable_path/Frameworks @executable_path/../../Frameworks";
				PRODUCT_BUNDLE_IDENTIFIER = io.rbradford.thaumavor.Epidemik.EpidemikWidget;
				PRODUCT_NAME = "$(TARGET_NAME)";
				PROVISIONING_PROFILE_SPECIFIER = "";
				SKIP_INSTALL = YES;
				SWIFT_VERSION = 4.0;
				TARGETED_DEVICE_FAMILY = "1,2";
			};
			name = Debug;
		};
		0008CE421FE6FB09006FD767 /* Release */ = {
			isa = XCBuildConfiguration;
			baseConfigurationReference = 4AC21962497E0CE7BF59EC0A /* Pods-EpidemikWidget.release.xcconfig */;
			buildSettings = {
				ALWAYS_EMBED_SWIFT_STANDARD_LIBRARIES = NO;
				CLANG_CXX_LANGUAGE_STANDARD = "gnu++14";
				CLANG_WARN_UNGUARDED_AVAILABILITY = YES_AGGRESSIVE;
				CODE_SIGN_ENTITLEMENTS = EpidemikWidget/EpidemikWidget.entitlements;
				CODE_SIGN_IDENTITY = "iPhone Developer";
				CODE_SIGN_STYLE = Automatic;
				DEVELOPMENT_TEAM = 637YQRHJ3C;
				GCC_C_LANGUAGE_STANDARD = gnu11;
				INFOPLIST_FILE = EpidemikWidget/Info.plist;
				IPHONEOS_DEPLOYMENT_TARGET = 10.0;
				LD_RUNPATH_SEARCH_PATHS = "$(inherited) @executable_path/Frameworks @executable_path/../../Frameworks";
				PRODUCT_BUNDLE_IDENTIFIER = io.rbradford.thaumavor.Epidemik.EpidemikWidget;
				PRODUCT_NAME = "$(TARGET_NAME)";
				PROVISIONING_PROFILE = "";
				PROVISIONING_PROFILE_SPECIFIER = "";
				SKIP_INSTALL = YES;
				SWIFT_VERSION = 4.0;
				TARGETED_DEVICE_FAMILY = "1,2";
			};
			name = Release;
		};
		0011DBDA1F6C0EBA004212E1 /* Debug */ = {
			isa = XCBuildConfiguration;
			buildSettings = {
				ALWAYS_EMBED_SWIFT_STANDARD_LIBRARIES = YES;
				ALWAYS_SEARCH_USER_PATHS = NO;
				CLANG_ANALYZER_NONNULL = YES;
				CLANG_ANALYZER_NUMBER_OBJECT_CONVERSION = YES_AGGRESSIVE;
				CLANG_CXX_LANGUAGE_STANDARD = "gnu++0x";
				CLANG_CXX_LIBRARY = "libc++";
				CLANG_ENABLE_MODULES = YES;
				CLANG_ENABLE_OBJC_ARC = YES;
				CLANG_WARN_BLOCK_CAPTURE_AUTORELEASING = YES;
				CLANG_WARN_BOOL_CONVERSION = YES;
				CLANG_WARN_COMMA = YES;
				CLANG_WARN_CONSTANT_CONVERSION = YES;
				CLANG_WARN_DEPRECATED_OBJC_IMPLEMENTATIONS = YES;
				CLANG_WARN_DIRECT_OBJC_ISA_USAGE = YES_ERROR;
				CLANG_WARN_DOCUMENTATION_COMMENTS = YES;
				CLANG_WARN_EMPTY_BODY = YES;
				CLANG_WARN_ENUM_CONVERSION = YES;
				CLANG_WARN_INFINITE_RECURSION = YES;
				CLANG_WARN_INT_CONVERSION = YES;
				CLANG_WARN_NON_LITERAL_NULL_CONVERSION = YES;
				CLANG_WARN_OBJC_IMPLICIT_RETAIN_SELF = YES;
				CLANG_WARN_OBJC_LITERAL_CONVERSION = YES;
				CLANG_WARN_OBJC_ROOT_CLASS = YES_ERROR;
				CLANG_WARN_RANGE_LOOP_ANALYSIS = YES;
				CLANG_WARN_STRICT_PROTOTYPES = YES;
				CLANG_WARN_SUSPICIOUS_MOVE = YES;
				CLANG_WARN_UNREACHABLE_CODE = YES;
				CLANG_WARN__DUPLICATE_METHOD_MATCH = YES;
				"CODE_SIGN_IDENTITY[sdk=iphoneos*]" = "iPhone Developer";
				COPY_PHASE_STRIP = NO;
				DEBUG_INFORMATION_FORMAT = dwarf;
				ENABLE_STRICT_OBJC_MSGSEND = YES;
				ENABLE_TESTABILITY = YES;
				GCC_C_LANGUAGE_STANDARD = gnu99;
				GCC_DYNAMIC_NO_PIC = NO;
				GCC_NO_COMMON_BLOCKS = YES;
				GCC_OPTIMIZATION_LEVEL = 0;
				GCC_PREPROCESSOR_DEFINITIONS = (
					"DEBUG=1",
					"$(inherited)",
				);
				GCC_WARN_64_TO_32_BIT_CONVERSION = YES;
				GCC_WARN_ABOUT_RETURN_TYPE = YES_ERROR;
				GCC_WARN_UNDECLARED_SELECTOR = YES;
				GCC_WARN_UNINITIALIZED_AUTOS = YES_AGGRESSIVE;
				GCC_WARN_UNUSED_FUNCTION = YES;
				GCC_WARN_UNUSED_VARIABLE = YES;
				IPHONEOS_DEPLOYMENT_TARGET = 10.3;
				MTL_ENABLE_DEBUG_INFO = YES;
				ONLY_ACTIVE_ARCH = YES;
				SDKROOT = iphoneos;
				SWIFT_ACTIVE_COMPILATION_CONDITIONS = DEBUG;
				SWIFT_OPTIMIZATION_LEVEL = "-Onone";
				TARGETED_DEVICE_FAMILY = "1,2";
			};
			name = Debug;
		};
		0011DBDB1F6C0EBA004212E1 /* Release */ = {
			isa = XCBuildConfiguration;
			buildSettings = {
				ALWAYS_EMBED_SWIFT_STANDARD_LIBRARIES = YES;
				ALWAYS_SEARCH_USER_PATHS = NO;
				CLANG_ANALYZER_NONNULL = YES;
				CLANG_ANALYZER_NUMBER_OBJECT_CONVERSION = YES_AGGRESSIVE;
				CLANG_CXX_LANGUAGE_STANDARD = "gnu++0x";
				CLANG_CXX_LIBRARY = "libc++";
				CLANG_ENABLE_MODULES = YES;
				CLANG_ENABLE_OBJC_ARC = YES;
				CLANG_WARN_BLOCK_CAPTURE_AUTORELEASING = YES;
				CLANG_WARN_BOOL_CONVERSION = YES;
				CLANG_WARN_COMMA = YES;
				CLANG_WARN_CONSTANT_CONVERSION = YES;
				CLANG_WARN_DEPRECATED_OBJC_IMPLEMENTATIONS = YES;
				CLANG_WARN_DIRECT_OBJC_ISA_USAGE = YES_ERROR;
				CLANG_WARN_DOCUMENTATION_COMMENTS = YES;
				CLANG_WARN_EMPTY_BODY = YES;
				CLANG_WARN_ENUM_CONVERSION = YES;
				CLANG_WARN_INFINITE_RECURSION = YES;
				CLANG_WARN_INT_CONVERSION = YES;
				CLANG_WARN_NON_LITERAL_NULL_CONVERSION = YES;
				CLANG_WARN_OBJC_IMPLICIT_RETAIN_SELF = YES;
				CLANG_WARN_OBJC_LITERAL_CONVERSION = YES;
				CLANG_WARN_OBJC_ROOT_CLASS = YES_ERROR;
				CLANG_WARN_RANGE_LOOP_ANALYSIS = YES;
				CLANG_WARN_STRICT_PROTOTYPES = YES;
				CLANG_WARN_SUSPICIOUS_MOVE = YES;
				CLANG_WARN_UNREACHABLE_CODE = YES;
				CLANG_WARN__DUPLICATE_METHOD_MATCH = YES;
				"CODE_SIGN_IDENTITY[sdk=iphoneos*]" = "iPhone Developer";
				COPY_PHASE_STRIP = NO;
				DEBUG_INFORMATION_FORMAT = "dwarf-with-dsym";
				ENABLE_NS_ASSERTIONS = NO;
				ENABLE_STRICT_OBJC_MSGSEND = YES;
				GCC_C_LANGUAGE_STANDARD = gnu99;
				GCC_NO_COMMON_BLOCKS = YES;
				GCC_WARN_64_TO_32_BIT_CONVERSION = YES;
				GCC_WARN_ABOUT_RETURN_TYPE = YES_ERROR;
				GCC_WARN_UNDECLARED_SELECTOR = YES;
				GCC_WARN_UNINITIALIZED_AUTOS = YES_AGGRESSIVE;
				GCC_WARN_UNUSED_FUNCTION = YES;
				GCC_WARN_UNUSED_VARIABLE = YES;
				IPHONEOS_DEPLOYMENT_TARGET = 10.3;
				MTL_ENABLE_DEBUG_INFO = NO;
				SDKROOT = iphoneos;
				SWIFT_OPTIMIZATION_LEVEL = "-Owholemodule";
				TARGETED_DEVICE_FAMILY = "1,2";
				VALIDATE_PRODUCT = YES;
			};
			name = Release;
		};
		0011DBDD1F6C0EBA004212E1 /* Debug */ = {
			isa = XCBuildConfiguration;
			baseConfigurationReference = 6EC4DC87A89479C6BCEB5515 /* Pods-Epidemik.debug.xcconfig */;
			buildSettings = {
				ALWAYS_EMBED_SWIFT_STANDARD_LIBRARIES = "$(inherited)";
				ASSETCATALOG_COMPILER_APPICON_NAME = AppIcon;
				CODE_SIGN_ENTITLEMENTS = Epidemik/Epidemik.entitlements;
				CODE_SIGN_IDENTITY = "iPhone Developer";
				CODE_SIGN_STYLE = Automatic;
				DEVELOPMENT_TEAM = 637YQRHJ3C;
				INFOPLIST_FILE = Epidemik/Info.plist;
				IPHONEOS_DEPLOYMENT_TARGET = 10.0;
				LD_RUNPATH_SEARCH_PATHS = "$(inherited) @executable_path/Frameworks";
				PRODUCT_BUNDLE_IDENTIFIER = io.rbradford.thaumavor.Epidemik;
				PRODUCT_NAME = "$(TARGET_NAME)";
				PROVISIONING_PROFILE = "";
				PROVISIONING_PROFILE_SPECIFIER = "";
				SWIFT_SWIFT3_OBJC_INFERENCE = Default;
				SWIFT_VERSION = 4.0;
			};
			name = Debug;
		};
		0011DBDE1F6C0EBA004212E1 /* Release */ = {
			isa = XCBuildConfiguration;
			baseConfigurationReference = 7AC57C5820D79F8704E625AF /* Pods-Epidemik.release.xcconfig */;
			buildSettings = {
				ALWAYS_EMBED_SWIFT_STANDARD_LIBRARIES = "$(inherited)";
				ASSETCATALOG_COMPILER_APPICON_NAME = AppIcon;
				CODE_SIGN_ENTITLEMENTS = Epidemik/Epidemik.entitlements;
				CODE_SIGN_IDENTITY = "iPhone Developer";
				CODE_SIGN_STYLE = Automatic;
				DEVELOPMENT_TEAM = 637YQRHJ3C;
				INFOPLIST_FILE = Epidemik/Info.plist;
				IPHONEOS_DEPLOYMENT_TARGET = 10.0;
				LD_RUNPATH_SEARCH_PATHS = "$(inherited) @executable_path/Frameworks";
				PRODUCT_BUNDLE_IDENTIFIER = io.rbradford.thaumavor.Epidemik;
				PRODUCT_NAME = "$(TARGET_NAME)";
				PROVISIONING_PROFILE_SPECIFIER = "";
				SWIFT_SWIFT3_OBJC_INFERENCE = Default;
				SWIFT_VERSION = 4.0;
			};
			name = Release;
		};
		0011DBE01F6C0EBA004212E1 /* Debug */ = {
			isa = XCBuildConfiguration;
			baseConfigurationReference = 9ED6065C5E8313FD0CD410FF /* Pods-EpidemikTests.debug.xcconfig */;
			buildSettings = {
				ALWAYS_EMBED_SWIFT_STANDARD_LIBRARIES = YES;
				BUNDLE_LOADER = "$(TEST_HOST)";
				CODE_SIGN_IDENTITY = "iPhone Developer";
				DEVELOPMENT_TEAM = 637YQRHJ3C;
				INFOPLIST_FILE = EpidemikTests/Info.plist;
				LD_RUNPATH_SEARCH_PATHS = "$(inherited) @executable_path/Frameworks @loader_path/Frameworks";
				PRODUCT_BUNDLE_IDENTIFIER = io.thaumavor.rbradford.EpidemikTests;
				PRODUCT_NAME = "$(TARGET_NAME)";
				SWIFT_SWIFT3_OBJC_INFERENCE = Default;
				SWIFT_VERSION = 4.0;
				TEST_HOST = "$(BUILT_PRODUCTS_DIR)/Epidemik.app/Epidemik";
			};
			name = Debug;
		};
		0011DBE11F6C0EBA004212E1 /* Release */ = {
			isa = XCBuildConfiguration;
			baseConfigurationReference = 1BBC144B3873C7A729C661FA /* Pods-EpidemikTests.release.xcconfig */;
			buildSettings = {
				ALWAYS_EMBED_SWIFT_STANDARD_LIBRARIES = YES;
				BUNDLE_LOADER = "$(TEST_HOST)";
				CODE_SIGN_IDENTITY = "iPhone Developer";
				DEVELOPMENT_TEAM = 637YQRHJ3C;
				INFOPLIST_FILE = EpidemikTests/Info.plist;
				LD_RUNPATH_SEARCH_PATHS = "$(inherited) @executable_path/Frameworks @loader_path/Frameworks";
				PRODUCT_BUNDLE_IDENTIFIER = io.thaumavor.rbradford.EpidemikTests;
				PRODUCT_NAME = "$(TARGET_NAME)";
				SWIFT_SWIFT3_OBJC_INFERENCE = Default;
				SWIFT_VERSION = 4.0;
				TEST_HOST = "$(BUILT_PRODUCTS_DIR)/Epidemik.app/Epidemik";
			};
			name = Release;
		};
		0011DBE31F6C0EBA004212E1 /* Debug */ = {
			isa = XCBuildConfiguration;
			baseConfigurationReference = 2D429704388D424BF4A2EC54 /* Pods-EpidemikUITests.debug.xcconfig */;
			buildSettings = {
				ALWAYS_EMBED_SWIFT_STANDARD_LIBRARIES = YES;
				CODE_SIGN_IDENTITY = "iPhone Developer";
				DEVELOPMENT_TEAM = 637YQRHJ3C;
				INFOPLIST_FILE = EpidemikUITests/Info.plist;
				LD_RUNPATH_SEARCH_PATHS = "$(inherited) @executable_path/Frameworks @loader_path/Frameworks";
				PRODUCT_BUNDLE_IDENTIFIER = io.thaumavor.rbradford.EpidemikUITests;
				PRODUCT_NAME = "$(TARGET_NAME)";
				SWIFT_SWIFT3_OBJC_INFERENCE = Default;
				SWIFT_VERSION = 4.0;
				TEST_TARGET_NAME = Epidemik;
			};
			name = Debug;
		};
		0011DBE41F6C0EBA004212E1 /* Release */ = {
			isa = XCBuildConfiguration;
			baseConfigurationReference = 466CFD39A3361DF27B3FFC50 /* Pods-EpidemikUITests.release.xcconfig */;
			buildSettings = {
				ALWAYS_EMBED_SWIFT_STANDARD_LIBRARIES = YES;
				CODE_SIGN_IDENTITY = "iPhone Developer";
				DEVELOPMENT_TEAM = 637YQRHJ3C;
				INFOPLIST_FILE = EpidemikUITests/Info.plist;
				LD_RUNPATH_SEARCH_PATHS = "$(inherited) @executable_path/Frameworks @loader_path/Frameworks";
				PRODUCT_BUNDLE_IDENTIFIER = io.thaumavor.rbradford.EpidemikUITests;
				PRODUCT_NAME = "$(TARGET_NAME)";
				SWIFT_SWIFT3_OBJC_INFERENCE = Default;
				SWIFT_VERSION = 4.0;
				TEST_TARGET_NAME = Epidemik;
			};
			name = Release;
		};
/* End XCBuildConfiguration section */

/* Begin XCConfigurationList section */
		0008CE431FE6FB09006FD767 /* Build configuration list for PBXNativeTarget "EpidemikWidget" */ = {
			isa = XCConfigurationList;
			buildConfigurations = (
				0008CE411FE6FB09006FD767 /* Debug */,
				0008CE421FE6FB09006FD767 /* Release */,
			);
			defaultConfigurationIsVisible = 0;
			defaultConfigurationName = Release;
		};
		0011DBAF1F6C0EBA004212E1 /* Build configuration list for PBXProject "Epidemik" */ = {
			isa = XCConfigurationList;
			buildConfigurations = (
				0011DBDA1F6C0EBA004212E1 /* Debug */,
				0011DBDB1F6C0EBA004212E1 /* Release */,
			);
			defaultConfigurationIsVisible = 0;
			defaultConfigurationName = Release;
		};
		0011DBDC1F6C0EBA004212E1 /* Build configuration list for PBXNativeTarget "Epidemik" */ = {
			isa = XCConfigurationList;
			buildConfigurations = (
				0011DBDD1F6C0EBA004212E1 /* Debug */,
				0011DBDE1F6C0EBA004212E1 /* Release */,
			);
			defaultConfigurationIsVisible = 0;
			defaultConfigurationName = Release;
		};
		0011DBDF1F6C0EBA004212E1 /* Build configuration list for PBXNativeTarget "EpidemikTests" */ = {
			isa = XCConfigurationList;
			buildConfigurations = (
				0011DBE01F6C0EBA004212E1 /* Debug */,
				0011DBE11F6C0EBA004212E1 /* Release */,
			);
			defaultConfigurationIsVisible = 0;
			defaultConfigurationName = Release;
		};
		0011DBE21F6C0EBA004212E1 /* Build configuration list for PBXNativeTarget "EpidemikUITests" */ = {
			isa = XCConfigurationList;
			buildConfigurations = (
				0011DBE31F6C0EBA004212E1 /* Debug */,
				0011DBE41F6C0EBA004212E1 /* Release */,
			);
			defaultConfigurationIsVisible = 0;
			defaultConfigurationName = Release;
		};
/* End XCConfigurationList section */
	};
	rootObject = 0011DBAC1F6C0EBA004212E1 /* Project object */;
}
